
Microsoft Visual Studio Solution File, Format Version 11.00
# Visual Studio 2010
# SharpDevelop 4.2.0.8290-alpha
Project("{2150E333-8FDC-42A3-9474-1A3956D46DE8}") = "Other Utilities", "Other Utilities", "{B951BA46-2462-42A5-A1AF-D0A7C4AA2B53}"
	ProjectSection(SolutionItems) = postProject
	EndProjectSection
EndProject
Project("{F184B08F-C81C-45F6-A57F-5ABD9991F28F}") = "Package Maker", "Package Maker\Package Maker.vbproj", "{AA8476BD-DC24-418E-8540-130030806F7F}"
EndProject
Project("{2150E333-8FDC-42A3-9474-1A3956D46DE8}") = "Templates", "Templates", "{B1A77439-1F59-463C-B483-E4CF20FBC88E}"
	ProjectSection(SolutionItems) = postProject
	EndProjectSection
EndProject
Project("{F184B08F-C81C-45F6-A57F-5ABD9991F28F}") = "SamplePluginVB", "Plugins\SamplePluginVB\SamplePluginVB.vbproj", "{D57D77BA-7E2A-4F6B-A6F8-8B62E4F16573}"
EndProject
Project("{FAE04EC0-301F-11D3-BF4B-00C04F79EFBC}") = "SamplePluginCS", "Plugins\SamplePluginCS\SamplePluginCS.csproj", "{35C89EA1-352C-4290-ABDB-F207577873CB}"
EndProject
Project("{2150E333-8FDC-42A3-9474-1A3956D46DE8}") = "Installers", "Installers", "{03A6D86F-6562-4E23-9DD9-6E778FDA179A}"
	ProjectSection(SolutionItems) = postProject
	EndProjectSection
EndProject
Project("{54435603-DBB4-11D2-8724-00A0C9A8B90C}") = "SnapOn Setup", "Installers\SnapOn Setup\SnapOn Setup.vdproj", "{240536CA-924A-45A5-BFD4-0BF8AE3BB93B}"
EndProject
Project("{2150E333-8FDC-42A3-9474-1A3956D46DE8}") = "Required Libraries", "Required Libraries", "{CE68B0A7-630D-485E-97CC-D2D1DC3B0103}"
	ProjectSection(SolutionItems) = postProject
	EndProjectSection
EndProject
Project("{F184B08F-C81C-45F6-A57F-5ABD9991F28F}") = "EncryptionLib", "Required Libraries\EncryptionLib\EncryptionLib.vbproj", "{1E4ADB77-C46A-46B0-B088-CDF7C426EC82}"
EndProject
Project("{FAE04EC0-301F-11D3-BF4B-00C04F79EFBC}") = "WinFormsUI", "Required Libraries\WinFormsUI\WinFormsUI.csproj", "{C75532C4-765B-418E-B09B-46D36B2ABDB1}"
EndProject
Project("{F184B08F-C81C-45F6-A57F-5ABD9991F28F}") = "Library", "Required Libraries\Library\Library.vbproj", "{BB0473A6-114A-4C70-BFA4-89B8B1415801}"
EndProject
Project("{F184B08F-C81C-45F6-A57F-5ABD9991F28F}") = "Web Browser", "Required Libraries\Web Browser\Web Browser.vbproj", "{0F782C94-10C8-4D42-8A0B-2F6479C0294A}"
EndProject
Project("{2150E333-8FDC-42A3-9474-1A3956D46DE8}") = "Plugins", "Plugins", "{66AA764F-39F5-45AB-89B3-59DE155BC7D8}"
	ProjectSection(SolutionItems) = postProject
	EndProjectSection
EndProject
Project("{F184B08F-C81C-45F6-A57F-5ABD9991F28F}") = "SpellChecker", "Plugins\SpellChecker\SpellChecker.vbproj", "{C35C1F42-507C-4EF9-86B5-9C2E6E971318}"
EndProject
Project("{2150E333-8FDC-42A3-9474-1A3956D46DE8}") = "CodeEditor", "CodeEditor", "{D23813E0-18FB-41C9-AB25-EE6A95FCA9E5}"
	ProjectSection(SolutionItems) = postProject
	EndProjectSection
EndProject
Project("{F184B08F-C81C-45F6-A57F-5ABD9991F28F}") = "CodeEditor", "Plugins\CodeEditor\CodeEditor.vbproj", "{E362E2A5-F9CF-4691-A3FC-E68B2C532B18}"
EndProject
Project("{FAE04EC0-301F-11D3-BF4B-00C04F79EFBC}") = "SyntaxBox", "Required Libraries\Alsing.SyntaxBox\SyntaxBox.csproj", "{19EF75B2-B414-4EB0-9486-160FAF93E62C}"
EndProject
Project("{F184B08F-C81C-45F6-A57F-5ABD9991F28F}") = "EncryptionPlugin", "Plugins\EncryptionPlugin\EncryptionPlugin.vbproj", "{6357F352-B0DD-462A-A338-04A51A0C7487}"
EndProject
Project("{F184B08F-C81C-45F6-A57F-5ABD9991F28F}") = "DictionaryPlugin", "Plugins\DictionaryPlugin\DictionaryPlugin.vbproj", "{43F73BD7-1495-4750-B8DC-AC50E11007C9}"
EndProject
Project("{F184B08F-C81C-45F6-A57F-5ABD9991F28F}") = "DecryptionPlugin", "Plugins\DecryptionPlugin\DecryptionPlugin.vbproj", "{61DC8218-8C07-4293-83E4-1E027A462D1B}"
EndProject
Project("{F184B08F-C81C-45F6-A57F-5ABD9991F28F}") = "CalculatorPlugin", "Plugins\CalculatorPlugin\CalculatorPlugin.vbproj", "{A9E28A47-72BD-4DD4-AED2-C9355EC03F3A}"
EndProject
Project("{F184B08F-C81C-45F6-A57F-5ABD9991F28F}") = "NotepadXSamplePlugin", "Plugins\NotepadXSamplePlugin\NotepadXSamplePlugin.vbproj", "{B5118A5D-73D7-4784-AA84-7B24DDC69C53}"
EndProject
Project("{FAE04EC0-301F-11D3-BF4B-00C04F79EFBC}") = "FileExplorerPlugin", "Plugins\FileExplorerPlugin\FileExplorerPlugin.csproj", "{336D2BEB-6086-4AC5-8028-63D786C39B7E}"
EndProject
Project("{FAE04EC0-301F-11D3-BF4B-00C04F79EFBC}") = "GoogleTranslatePlugin", "Plugins\GoogleTranslatePlugin\GoogleTranslatePlugin.csproj", "{082FC20A-0763-4377-BB3B-71645A17B8E1}"
EndProject
Project("{F184B08F-C81C-45F6-A57F-5ABD9991F28F}") = "LuaScriptingPlugin", "Plugins\LuaScriptingPlugin\LuaScriptingPlugin.vbproj", "{716557E3-7757-43C8-A4A2-38AA20C5D520}"
EndProject
Project("{F184B08F-C81C-45F6-A57F-5ABD9991F28F}") = "BBCodePlugin", "Plugins\BBCodePlugin\BBCodePlugin.vbproj", "{2AF7A7F7-C964-42D7-9C33-FADED4BBF066}"
EndProject
Project("{2150E333-8FDC-42A3-9474-1A3956D46DE8}") = "SnapOn", "SnapOn", "{53A48428-BD2D-4695-81A6-9C94AE593224}"
	ProjectSection(SolutionItems) = postProject
	EndProjectSection
EndProject
Project("{F184B08F-C81C-45F6-A57F-5ABD9991F28F}") = "SnapOn", "SnapOn\SnapOn\SnapOn.vbproj", "{638000FB-9122-437D-A3CF-08DF00B69AC7}"
EndProject
Project("{F184B08F-C81C-45F6-A57F-5ABD9991F28F}") = "SnapOn File Editor", "SnapOn File Editor\SnapOn File Editor.vbproj", "{F440AFB2-6B93-4189-9254-6FDCE2BFEA4F}"
EndProject
Project("{2150E333-8FDC-42A3-9474-1A3956D46DE8}") = "L#", "L#", "{4143C1FA-36C1-4A06-95EE-E2362B929CBD}"
	ProjectSection(SolutionItems) = postProject
		..\..\..\..\Elijah - Libraries\LSharp\TODO.txt = ..\..\..\..\Elijah - Libraries\LSharp\TODO.txt
	EndProjectSection
EndProject
Project("{FAE04EC0-301F-11D3-BF4B-00C04F79EFBC}") = "LSharp", "..\..\..\..\Elijah - Libraries\LSharp\LSharp\LSharp.csproj", "{419E259F-E9C0-4E01-BA19-709FE84DEAD5}"
EndProject
Project("{FAE04EC0-301F-11D3-BF4B-00C04F79EFBC}") = "LSharp.Interpreter", "..\..\..\..\Elijah - Libraries\LSharp\LSharp.Interpreter\LSharp.Interpreter.csproj", "{8141886D-307B-4030-9320-8821B859AF66}"
EndProject
Project("{FAE04EC0-301F-11D3-BF4B-00C04F79EFBC}") = "LSharp.Compiler", "..\..\..\..\Elijah - Libraries\LSharp\LSharpCompilerConsole\LSharp.Compiler.csproj", "{E429600B-B981-4F6D-A2EF-9BE2CD74F09A}"
EndProject
Project("{F184B08F-C81C-45F6-A57F-5ABD9991F28F}") = "Notepad X", "Main\Notepad X\Notepad X.vbproj", "{6BADBAAA-B3E2-4C9F-8927-2358C85DD9FE}"
EndProject
Global
	GlobalSection(SolutionConfigurationPlatforms) = preSolution
		Debug|Any CPU = Debug|Any CPU
		Debug|Debug = Debug|Debug
		Debug|Mixed Platforms = Debug|Mixed Platforms
		Debug|Release = Debug|Release
		Debug|Win32 = Debug|Win32
		Debug|x64 = Debug|x64
		Debug|x86 = Debug|x86
		Release|Any CPU = Release|Any CPU
		Release|Debug = Release|Debug
		Release|Mixed Platforms = Release|Mixed Platforms
		Release|Release = Release|Release
		Release|Win32 = Release|Win32
		Release|x64 = Release|x64
		Release|x86 = Release|x86
	EndGlobalSection
	GlobalSection(ProjectConfigurationPlatforms) = postSolution
		{AA8476BD-DC24-418E-8540-130030806F7F}.Debug|Any CPU.ActiveCfg = Debug|x86
		{AA8476BD-DC24-418E-8540-130030806F7F}.Debug|Debug.ActiveCfg = Debug|x86
		{AA8476BD-DC24-418E-8540-130030806F7F}.Debug|Mixed Platforms.ActiveCfg = Debug|x86
		{AA8476BD-DC24-418E-8540-130030806F7F}.Debug|Mixed Platforms.Build.0 = Debug|x86
		{AA8476BD-DC24-418E-8540-130030806F7F}.Debug|Release.ActiveCfg = Release|x86
		{AA8476BD-DC24-418E-8540-130030806F7F}.Debug|Win32.ActiveCfg = Debug|x86
		{AA8476BD-DC24-418E-8540-130030806F7F}.Debug|x64.ActiveCfg = Debug|x86
		{AA8476BD-DC24-418E-8540-130030806F7F}.Debug|x86.ActiveCfg = Debug|x86
		{AA8476BD-DC24-418E-8540-130030806F7F}.Debug|x86.Build.0 = Debug|x86
		{AA8476BD-DC24-418E-8540-130030806F7F}.Release|Any CPU.ActiveCfg = Release|x86
		{AA8476BD-DC24-418E-8540-130030806F7F}.Release|Debug.ActiveCfg = Release|x86
		{AA8476BD-DC24-418E-8540-130030806F7F}.Release|Mixed Platforms.ActiveCfg = Release|x86
		{AA8476BD-DC24-418E-8540-130030806F7F}.Release|Mixed Platforms.Build.0 = Release|x86
		{AA8476BD-DC24-418E-8540-130030806F7F}.Release|Release.ActiveCfg = Release|x86
		{AA8476BD-DC24-418E-8540-130030806F7F}.Release|Win32.ActiveCfg = Release|x86
		{AA8476BD-DC24-418E-8540-130030806F7F}.Release|x64.ActiveCfg = Release|x86
		{AA8476BD-DC24-418E-8540-130030806F7F}.Release|x86.ActiveCfg = Release|x86
		{AA8476BD-DC24-418E-8540-130030806F7F}.Release|x86.Build.0 = Release|x86
		{35C89EA1-352C-4290-ABDB-F207577873CB}.Debug|Any CPU.ActiveCfg = Debug|Any CPU
		{35C89EA1-352C-4290-ABDB-F207577873CB}.Debug|Any CPU.Build.0 = Debug|Any CPU
		{35C89EA1-352C-4290-ABDB-F207577873CB}.Debug|Debug.ActiveCfg = Debug|Any CPU
		{35C89EA1-352C-4290-ABDB-F207577873CB}.Debug|Mixed Platforms.ActiveCfg = Debug|Any CPU
		{35C89EA1-352C-4290-ABDB-F207577873CB}.Debug|Mixed Platforms.Build.0 = Debug|Any CPU
		{35C89EA1-352C-4290-ABDB-F207577873CB}.Debug|Release.ActiveCfg = Release|Any CPU
		{35C89EA1-352C-4290-ABDB-F207577873CB}.Debug|Win32.ActiveCfg = Debug|Any CPU
		{35C89EA1-352C-4290-ABDB-F207577873CB}.Debug|x64.ActiveCfg = Debug|Any CPU
		{35C89EA1-352C-4290-ABDB-F207577873CB}.Debug|x86.ActiveCfg = Debug|Any CPU
		{35C89EA1-352C-4290-ABDB-F207577873CB}.Release|Any CPU.ActiveCfg = Release|Any CPU
		{35C89EA1-352C-4290-ABDB-F207577873CB}.Release|Any CPU.Build.0 = Release|Any CPU
		{35C89EA1-352C-4290-ABDB-F207577873CB}.Release|Debug.ActiveCfg = Release|Any CPU
		{35C89EA1-352C-4290-ABDB-F207577873CB}.Release|Mixed Platforms.ActiveCfg = Release|Any CPU
		{35C89EA1-352C-4290-ABDB-F207577873CB}.Release|Mixed Platforms.Build.0 = Release|Any CPU
		{35C89EA1-352C-4290-ABDB-F207577873CB}.Release|Release.ActiveCfg = Release|Any CPU
		{35C89EA1-352C-4290-ABDB-F207577873CB}.Release|Win32.ActiveCfg = Release|Any CPU
		{35C89EA1-352C-4290-ABDB-F207577873CB}.Release|x64.ActiveCfg = Release|Any CPU
		{35C89EA1-352C-4290-ABDB-F207577873CB}.Release|x86.ActiveCfg = Release|Any CPU
		{D57D77BA-7E2A-4F6B-A6F8-8B62E4F16573}.Debug|Any CPU.ActiveCfg = Debug|Any CPU
		{D57D77BA-7E2A-4F6B-A6F8-8B62E4F16573}.Debug|Any CPU.Build.0 = Debug|Any CPU
		{D57D77BA-7E2A-4F6B-A6F8-8B62E4F16573}.Debug|Debug.ActiveCfg = Debug|Any CPU
		{D57D77BA-7E2A-4F6B-A6F8-8B62E4F16573}.Debug|Mixed Platforms.ActiveCfg = Debug|Any CPU
		{D57D77BA-7E2A-4F6B-A6F8-8B62E4F16573}.Debug|Mixed Platforms.Build.0 = Debug|Any CPU
		{D57D77BA-7E2A-4F6B-A6F8-8B62E4F16573}.Debug|Release.ActiveCfg = Release|Any CPU
		{D57D77BA-7E2A-4F6B-A6F8-8B62E4F16573}.Debug|Win32.ActiveCfg = Debug|Any CPU
		{D57D77BA-7E2A-4F6B-A6F8-8B62E4F16573}.Debug|x64.ActiveCfg = Debug|Any CPU
		{D57D77BA-7E2A-4F6B-A6F8-8B62E4F16573}.Debug|x86.ActiveCfg = Debug|Any CPU
		{D57D77BA-7E2A-4F6B-A6F8-8B62E4F16573}.Release|Any CPU.ActiveCfg = Release|Any CPU
		{D57D77BA-7E2A-4F6B-A6F8-8B62E4F16573}.Release|Any CPU.Build.0 = Release|Any CPU
		{D57D77BA-7E2A-4F6B-A6F8-8B62E4F16573}.Release|Debug.ActiveCfg = Release|Any CPU
		{D57D77BA-7E2A-4F6B-A6F8-8B62E4F16573}.Release|Mixed Platforms.ActiveCfg = Release|Any CPU
		{D57D77BA-7E2A-4F6B-A6F8-8B62E4F16573}.Release|Mixed Platforms.Build.0 = Release|Any CPU
		{D57D77BA-7E2A-4F6B-A6F8-8B62E4F16573}.Release|Release.ActiveCfg = Release|Any CPU
		{D57D77BA-7E2A-4F6B-A6F8-8B62E4F16573}.Release|Win32.ActiveCfg = Release|Any CPU
		{D57D77BA-7E2A-4F6B-A6F8-8B62E4F16573}.Release|x64.ActiveCfg = Release|Any CPU
		{D57D77BA-7E2A-4F6B-A6F8-8B62E4F16573}.Release|x86.ActiveCfg = Release|Any CPU
		{240536CA-924A-45A5-BFD4-0BF8AE3BB93B}.Debug|Any CPU.ActiveCfg = Debug
		{240536CA-924A-45A5-BFD4-0BF8AE3BB93B}.Debug|Any CPU.Build.0 = Debug|Any CPU
		{240536CA-924A-45A5-BFD4-0BF8AE3BB93B}.Debug|Debug.ActiveCfg = Debug
		{240536CA-924A-45A5-BFD4-0BF8AE3BB93B}.Debug|Mixed Platforms.ActiveCfg = Debug
		{240536CA-924A-45A5-BFD4-0BF8AE3BB93B}.Debug|Release.ActiveCfg = Release
		{240536CA-924A-45A5-BFD4-0BF8AE3BB93B}.Debug|Win32.ActiveCfg = Debug
		{240536CA-924A-45A5-BFD4-0BF8AE3BB93B}.Debug|x64.ActiveCfg = Debug|Any CPU
		{240536CA-924A-45A5-BFD4-0BF8AE3BB93B}.Debug|x86.ActiveCfg = Debug
		{240536CA-924A-45A5-BFD4-0BF8AE3BB93B}.Release|Any CPU.ActiveCfg = Release
		{240536CA-924A-45A5-BFD4-0BF8AE3BB93B}.Release|Any CPU.Build.0 = Release|Any CPU
		{240536CA-924A-45A5-BFD4-0BF8AE3BB93B}.Release|Debug.ActiveCfg = Release
		{240536CA-924A-45A5-BFD4-0BF8AE3BB93B}.Release|Mixed Platforms.ActiveCfg = Release
		{240536CA-924A-45A5-BFD4-0BF8AE3BB93B}.Release|Release.ActiveCfg = Release
		{240536CA-924A-45A5-BFD4-0BF8AE3BB93B}.Release|Win32.ActiveCfg = Release
		{240536CA-924A-45A5-BFD4-0BF8AE3BB93B}.Release|x64.ActiveCfg = Release|Any CPU
		{240536CA-924A-45A5-BFD4-0BF8AE3BB93B}.Release|x86.ActiveCfg = Release
		{0F782C94-10C8-4D42-8A0B-2F6479C0294A}.Debug|Any CPU.ActiveCfg = Debug|x86
		{0F782C94-10C8-4D42-8A0B-2F6479C0294A}.Debug|Debug.ActiveCfg = Debug|x86
		{0F782C94-10C8-4D42-8A0B-2F6479C0294A}.Debug|Mixed Platforms.ActiveCfg = Debug|x86
		{0F782C94-10C8-4D42-8A0B-2F6479C0294A}.Debug|Mixed Platforms.Build.0 = Debug|x86
		{0F782C94-10C8-4D42-8A0B-2F6479C0294A}.Debug|Release.ActiveCfg = Release|x86
		{0F782C94-10C8-4D42-8A0B-2F6479C0294A}.Debug|Win32.ActiveCfg = Debug|x86
		{0F782C94-10C8-4D42-8A0B-2F6479C0294A}.Debug|x64.ActiveCfg = Debug|x86
		{0F782C94-10C8-4D42-8A0B-2F6479C0294A}.Debug|x86.ActiveCfg = Debug|x86
		{0F782C94-10C8-4D42-8A0B-2F6479C0294A}.Debug|x86.Build.0 = Debug|x86
		{0F782C94-10C8-4D42-8A0B-2F6479C0294A}.Release|Any CPU.ActiveCfg = Release|x86
		{0F782C94-10C8-4D42-8A0B-2F6479C0294A}.Release|Debug.ActiveCfg = Release|x86
		{0F782C94-10C8-4D42-8A0B-2F6479C0294A}.Release|Mixed Platforms.ActiveCfg = Release|x86
		{0F782C94-10C8-4D42-8A0B-2F6479C0294A}.Release|Mixed Platforms.Build.0 = Release|x86
		{0F782C94-10C8-4D42-8A0B-2F6479C0294A}.Release|Release.ActiveCfg = Release|x86
		{0F782C94-10C8-4D42-8A0B-2F6479C0294A}.Release|Win32.ActiveCfg = Release|x86
		{0F782C94-10C8-4D42-8A0B-2F6479C0294A}.Release|x64.ActiveCfg = Release|x86
		{0F782C94-10C8-4D42-8A0B-2F6479C0294A}.Release|x86.ActiveCfg = Release|x86
		{0F782C94-10C8-4D42-8A0B-2F6479C0294A}.Release|x86.Build.0 = Release|x86
		{BB0473A6-114A-4C70-BFA4-89B8B1415801}.Debug|Any CPU.ActiveCfg = Debug|Any CPU
		{BB0473A6-114A-4C70-BFA4-89B8B1415801}.Debug|Any CPU.Build.0 = Debug|Any CPU
		{BB0473A6-114A-4C70-BFA4-89B8B1415801}.Debug|Debug.ActiveCfg = Debug|Any CPU
		{BB0473A6-114A-4C70-BFA4-89B8B1415801}.Debug|Mixed Platforms.ActiveCfg = Debug|Any CPU
		{BB0473A6-114A-4C70-BFA4-89B8B1415801}.Debug|Mixed Platforms.Build.0 = Debug|Any CPU
		{BB0473A6-114A-4C70-BFA4-89B8B1415801}.Debug|Release.ActiveCfg = Release|Any CPU
		{BB0473A6-114A-4C70-BFA4-89B8B1415801}.Debug|Win32.ActiveCfg = Debug|Any CPU
		{BB0473A6-114A-4C70-BFA4-89B8B1415801}.Debug|x64.ActiveCfg = Debug|Any CPU
		{BB0473A6-114A-4C70-BFA4-89B8B1415801}.Debug|x86.ActiveCfg = Debug|Any CPU
		{BB0473A6-114A-4C70-BFA4-89B8B1415801}.Release|Any CPU.ActiveCfg = Release|Any CPU
		{BB0473A6-114A-4C70-BFA4-89B8B1415801}.Release|Any CPU.Build.0 = Release|Any CPU
		{BB0473A6-114A-4C70-BFA4-89B8B1415801}.Release|Debug.ActiveCfg = Release|Any CPU
		{BB0473A6-114A-4C70-BFA4-89B8B1415801}.Release|Mixed Platforms.ActiveCfg = Release|Any CPU
		{BB0473A6-114A-4C70-BFA4-89B8B1415801}.Release|Mixed Platforms.Build.0 = Release|Any CPU
		{BB0473A6-114A-4C70-BFA4-89B8B1415801}.Release|Release.ActiveCfg = Release|Any CPU
		{BB0473A6-114A-4C70-BFA4-89B8B1415801}.Release|Win32.ActiveCfg = Release|Any CPU
		{BB0473A6-114A-4C70-BFA4-89B8B1415801}.Release|x64.ActiveCfg = Release|Any CPU
		{BB0473A6-114A-4C70-BFA4-89B8B1415801}.Release|x86.ActiveCfg = Release|Any CPU
		{C75532C4-765B-418E-B09B-46D36B2ABDB1}.Debug|Any CPU.ActiveCfg = Debug|Any CPU
		{C75532C4-765B-418E-B09B-46D36B2ABDB1}.Debug|Any CPU.Build.0 = Debug|Any CPU
		{C75532C4-765B-418E-B09B-46D36B2ABDB1}.Debug|Debug.ActiveCfg = Debug|Any CPU
		{C75532C4-765B-418E-B09B-46D36B2ABDB1}.Debug|Mixed Platforms.ActiveCfg = Debug|Any CPU
		{C75532C4-765B-418E-B09B-46D36B2ABDB1}.Debug|Mixed Platforms.Build.0 = Debug|Any CPU
		{C75532C4-765B-418E-B09B-46D36B2ABDB1}.Debug|Release.ActiveCfg = Release|Any CPU
		{C75532C4-765B-418E-B09B-46D36B2ABDB1}.Debug|Win32.ActiveCfg = Debug|Any CPU
		{C75532C4-765B-418E-B09B-46D36B2ABDB1}.Debug|x64.ActiveCfg = Debug|Any CPU
		{C75532C4-765B-418E-B09B-46D36B2ABDB1}.Debug|x86.ActiveCfg = Debug|Any CPU
		{C75532C4-765B-418E-B09B-46D36B2ABDB1}.Release|Any CPU.ActiveCfg = Release|Any CPU
		{C75532C4-765B-418E-B09B-46D36B2ABDB1}.Release|Any CPU.Build.0 = Release|Any CPU
		{C75532C4-765B-418E-B09B-46D36B2ABDB1}.Release|Debug.ActiveCfg = Release|Any CPU
		{C75532C4-765B-418E-B09B-46D36B2ABDB1}.Release|Mixed Platforms.ActiveCfg = Release|Any CPU
		{C75532C4-765B-418E-B09B-46D36B2ABDB1}.Release|Mixed Platforms.Build.0 = Release|Any CPU
		{C75532C4-765B-418E-B09B-46D36B2ABDB1}.Release|Release.ActiveCfg = Release|Any CPU
		{C75532C4-765B-418E-B09B-46D36B2ABDB1}.Release|Win32.ActiveCfg = Release|Any CPU
		{C75532C4-765B-418E-B09B-46D36B2ABDB1}.Release|x64.ActiveCfg = Release|Any CPU
		{C75532C4-765B-418E-B09B-46D36B2ABDB1}.Release|x86.ActiveCfg = Release|Any CPU
		{1E4ADB77-C46A-46B0-B088-CDF7C426EC82}.Debug|Any CPU.ActiveCfg = Debug|Any CPU
		{1E4ADB77-C46A-46B0-B088-CDF7C426EC82}.Debug|Any CPU.Build.0 = Debug|Any CPU
		{1E4ADB77-C46A-46B0-B088-CDF7C426EC82}.Debug|Debug.ActiveCfg = Debug|Any CPU
		{1E4ADB77-C46A-46B0-B088-CDF7C426EC82}.Debug|Mixed Platforms.ActiveCfg = Debug|Any CPU
		{1E4ADB77-C46A-46B0-B088-CDF7C426EC82}.Debug|Mixed Platforms.Build.0 = Debug|Any CPU
		{1E4ADB77-C46A-46B0-B088-CDF7C426EC82}.Debug|Release.ActiveCfg = Release|Any CPU
		{1E4ADB77-C46A-46B0-B088-CDF7C426EC82}.Debug|Win32.ActiveCfg = Debug|Any CPU
		{1E4ADB77-C46A-46B0-B088-CDF7C426EC82}.Debug|x64.ActiveCfg = Debug|Any CPU
		{1E4ADB77-C46A-46B0-B088-CDF7C426EC82}.Debug|x86.ActiveCfg = Debug|Any CPU
		{1E4ADB77-C46A-46B0-B088-CDF7C426EC82}.Release|Any CPU.ActiveCfg = Release|Any CPU
		{1E4ADB77-C46A-46B0-B088-CDF7C426EC82}.Release|Any CPU.Build.0 = Release|Any CPU
		{1E4ADB77-C46A-46B0-B088-CDF7C426EC82}.Release|Debug.ActiveCfg = Release|Any CPU
		{1E4ADB77-C46A-46B0-B088-CDF7C426EC82}.Release|Mixed Platforms.ActiveCfg = Release|Any CPU
		{1E4ADB77-C46A-46B0-B088-CDF7C426EC82}.Release|Mixed Platforms.Build.0 = Release|Any CPU
		{1E4ADB77-C46A-46B0-B088-CDF7C426EC82}.Release|Release.ActiveCfg = Release|Any CPU
		{1E4ADB77-C46A-46B0-B088-CDF7C426EC82}.Release|Win32.ActiveCfg = Release|Any CPU
		{1E4ADB77-C46A-46B0-B088-CDF7C426EC82}.Release|x64.ActiveCfg = Release|Any CPU
		{1E4ADB77-C46A-46B0-B088-CDF7C426EC82}.Release|x86.ActiveCfg = Release|Any CPU
		{2AF7A7F7-C964-42D7-9C33-FADED4BBF066}.Debug|Any CPU.ActiveCfg = Debug|Any CPU
		{2AF7A7F7-C964-42D7-9C33-FADED4BBF066}.Debug|Any CPU.Build.0 = Debug|Any CPU
		{2AF7A7F7-C964-42D7-9C33-FADED4BBF066}.Debug|Debug.ActiveCfg = Debug|Any CPU
		{2AF7A7F7-C964-42D7-9C33-FADED4BBF066}.Debug|Mixed Platforms.ActiveCfg = Debug|Any CPU
		{2AF7A7F7-C964-42D7-9C33-FADED4BBF066}.Debug|Mixed Platforms.Build.0 = Debug|Any CPU
		{2AF7A7F7-C964-42D7-9C33-FADED4BBF066}.Debug|Release.ActiveCfg = Release|Any CPU
		{2AF7A7F7-C964-42D7-9C33-FADED4BBF066}.Debug|Win32.ActiveCfg = Debug|Any CPU
		{2AF7A7F7-C964-42D7-9C33-FADED4BBF066}.Debug|x64.ActiveCfg = Debug|Any CPU
		{2AF7A7F7-C964-42D7-9C33-FADED4BBF066}.Debug|x86.ActiveCfg = Debug|Any CPU
		{2AF7A7F7-C964-42D7-9C33-FADED4BBF066}.Release|Any CPU.ActiveCfg = Release|Any CPU
		{2AF7A7F7-C964-42D7-9C33-FADED4BBF066}.Release|Any CPU.Build.0 = Release|Any CPU
		{2AF7A7F7-C964-42D7-9C33-FADED4BBF066}.Release|Debug.ActiveCfg = Release|Any CPU
		{2AF7A7F7-C964-42D7-9C33-FADED4BBF066}.Release|Mixed Platforms.ActiveCfg = Release|Any CPU
		{2AF7A7F7-C964-42D7-9C33-FADED4BBF066}.Release|Mixed Platforms.Build.0 = Release|Any CPU
		{2AF7A7F7-C964-42D7-9C33-FADED4BBF066}.Release|Release.ActiveCfg = Release|Any CPU
		{2AF7A7F7-C964-42D7-9C33-FADED4BBF066}.Release|Win32.ActiveCfg = Release|Any CPU
		{2AF7A7F7-C964-42D7-9C33-FADED4BBF066}.Release|x64.ActiveCfg = Release|Any CPU
		{2AF7A7F7-C964-42D7-9C33-FADED4BBF066}.Release|x86.ActiveCfg = Release|Any CPU
		{716557E3-7757-43C8-A4A2-38AA20C5D520}.Debug|Any CPU.ActiveCfg = Debug|x86
		{716557E3-7757-43C8-A4A2-38AA20C5D520}.Debug|Debug.ActiveCfg = Debug|x86
		{716557E3-7757-43C8-A4A2-38AA20C5D520}.Debug|Mixed Platforms.ActiveCfg = Debug|x86
		{716557E3-7757-43C8-A4A2-38AA20C5D520}.Debug|Mixed Platforms.Build.0 = Debug|x86
		{716557E3-7757-43C8-A4A2-38AA20C5D520}.Debug|Release.ActiveCfg = Release|x86
		{716557E3-7757-43C8-A4A2-38AA20C5D520}.Debug|Win32.ActiveCfg = Debug|x86
		{716557E3-7757-43C8-A4A2-38AA20C5D520}.Debug|x64.ActiveCfg = Debug|x86
		{716557E3-7757-43C8-A4A2-38AA20C5D520}.Debug|x86.ActiveCfg = Debug|x86
		{716557E3-7757-43C8-A4A2-38AA20C5D520}.Debug|x86.Build.0 = Debug|x86
		{716557E3-7757-43C8-A4A2-38AA20C5D520}.Release|Any CPU.ActiveCfg = Release|x86
		{716557E3-7757-43C8-A4A2-38AA20C5D520}.Release|Debug.ActiveCfg = Release|x86
		{716557E3-7757-43C8-A4A2-38AA20C5D520}.Release|Mixed Platforms.ActiveCfg = Release|x86
		{716557E3-7757-43C8-A4A2-38AA20C5D520}.Release|Mixed Platforms.Build.0 = Release|x86
		{716557E3-7757-43C8-A4A2-38AA20C5D520}.Release|Release.ActiveCfg = Release|x86
		{716557E3-7757-43C8-A4A2-38AA20C5D520}.Release|Win32.ActiveCfg = Release|x86
		{716557E3-7757-43C8-A4A2-38AA20C5D520}.Release|x64.ActiveCfg = Release|x86
		{716557E3-7757-43C8-A4A2-38AA20C5D520}.Release|x86.ActiveCfg = Release|x86
		{716557E3-7757-43C8-A4A2-38AA20C5D520}.Release|x86.Build.0 = Release|x86
		{082FC20A-0763-4377-BB3B-71645A17B8E1}.Debug|Any CPU.ActiveCfg = Debug|Any CPU
		{082FC20A-0763-4377-BB3B-71645A17B8E1}.Debug|Any CPU.Build.0 = Debug|Any CPU
		{082FC20A-0763-4377-BB3B-71645A17B8E1}.Debug|Debug.ActiveCfg = Debug|Any CPU
		{082FC20A-0763-4377-BB3B-71645A17B8E1}.Debug|Mixed Platforms.ActiveCfg = Debug|Any CPU
		{082FC20A-0763-4377-BB3B-71645A17B8E1}.Debug|Mixed Platforms.Build.0 = Debug|Any CPU
		{082FC20A-0763-4377-BB3B-71645A17B8E1}.Debug|Release.ActiveCfg = Release|Any CPU
		{082FC20A-0763-4377-BB3B-71645A17B8E1}.Debug|Win32.ActiveCfg = Debug|Any CPU
		{082FC20A-0763-4377-BB3B-71645A17B8E1}.Debug|x64.ActiveCfg = Debug|Any CPU
		{082FC20A-0763-4377-BB3B-71645A17B8E1}.Debug|x86.ActiveCfg = Debug|Any CPU
		{082FC20A-0763-4377-BB3B-71645A17B8E1}.Release|Any CPU.ActiveCfg = Release|Any CPU
		{082FC20A-0763-4377-BB3B-71645A17B8E1}.Release|Any CPU.Build.0 = Release|Any CPU
		{082FC20A-0763-4377-BB3B-71645A17B8E1}.Release|Debug.ActiveCfg = Release|Any CPU
		{082FC20A-0763-4377-BB3B-71645A17B8E1}.Release|Mixed Platforms.ActiveCfg = Release|Any CPU
		{082FC20A-0763-4377-BB3B-71645A17B8E1}.Release|Mixed Platforms.Build.0 = Release|Any CPU
		{082FC20A-0763-4377-BB3B-71645A17B8E1}.Release|Release.ActiveCfg = Release|Any CPU
		{082FC20A-0763-4377-BB3B-71645A17B8E1}.Release|Win32.ActiveCfg = Release|Any CPU
		{082FC20A-0763-4377-BB3B-71645A17B8E1}.Release|x64.ActiveCfg = Release|Any CPU
		{082FC20A-0763-4377-BB3B-71645A17B8E1}.Release|x86.ActiveCfg = Release|Any CPU
		{336D2BEB-6086-4AC5-8028-63D786C39B7E}.Debug|Any CPU.ActiveCfg = Debug|Any CPU
		{336D2BEB-6086-4AC5-8028-63D786C39B7E}.Debug|Any CPU.Build.0 = Debug|Any CPU
		{336D2BEB-6086-4AC5-8028-63D786C39B7E}.Debug|Debug.ActiveCfg = Debug|Any CPU
		{336D2BEB-6086-4AC5-8028-63D786C39B7E}.Debug|Mixed Platforms.ActiveCfg = Debug|Any CPU
		{336D2BEB-6086-4AC5-8028-63D786C39B7E}.Debug|Mixed Platforms.Build.0 = Debug|Any CPU
		{336D2BEB-6086-4AC5-8028-63D786C39B7E}.Debug|Release.ActiveCfg = Release|Any CPU
		{336D2BEB-6086-4AC5-8028-63D786C39B7E}.Debug|Win32.ActiveCfg = Debug|Any CPU
		{336D2BEB-6086-4AC5-8028-63D786C39B7E}.Debug|x64.ActiveCfg = Debug|Any CPU
		{336D2BEB-6086-4AC5-8028-63D786C39B7E}.Debug|x86.ActiveCfg = Debug|Any CPU
		{336D2BEB-6086-4AC5-8028-63D786C39B7E}.Release|Any CPU.ActiveCfg = Release|Any CPU
		{336D2BEB-6086-4AC5-8028-63D786C39B7E}.Release|Any CPU.Build.0 = Release|Any CPU
		{336D2BEB-6086-4AC5-8028-63D786C39B7E}.Release|Debug.ActiveCfg = Release|Any CPU
		{336D2BEB-6086-4AC5-8028-63D786C39B7E}.Release|Mixed Platforms.ActiveCfg = Release|Any CPU
		{336D2BEB-6086-4AC5-8028-63D786C39B7E}.Release|Mixed Platforms.Build.0 = Release|Any CPU
		{336D2BEB-6086-4AC5-8028-63D786C39B7E}.Release|Release.ActiveCfg = Release|Any CPU
		{336D2BEB-6086-4AC5-8028-63D786C39B7E}.Release|Win32.ActiveCfg = Release|Any CPU
		{336D2BEB-6086-4AC5-8028-63D786C39B7E}.Release|x64.ActiveCfg = Release|Any CPU
		{336D2BEB-6086-4AC5-8028-63D786C39B7E}.Release|x86.ActiveCfg = Release|Any CPU
		{B5118A5D-73D7-4784-AA84-7B24DDC69C53}.Debug|Any CPU.ActiveCfg = Debug|Any CPU
		{B5118A5D-73D7-4784-AA84-7B24DDC69C53}.Debug|Any CPU.Build.0 = Debug|Any CPU
		{B5118A5D-73D7-4784-AA84-7B24DDC69C53}.Debug|Debug.ActiveCfg = Debug|Any CPU
		{B5118A5D-73D7-4784-AA84-7B24DDC69C53}.Debug|Mixed Platforms.ActiveCfg = Debug|Any CPU
		{B5118A5D-73D7-4784-AA84-7B24DDC69C53}.Debug|Mixed Platforms.Build.0 = Debug|Any CPU
		{B5118A5D-73D7-4784-AA84-7B24DDC69C53}.Debug|Release.ActiveCfg = Release|Any CPU
		{B5118A5D-73D7-4784-AA84-7B24DDC69C53}.Debug|Win32.ActiveCfg = Debug|Any CPU
		{B5118A5D-73D7-4784-AA84-7B24DDC69C53}.Debug|x64.ActiveCfg = Debug|Any CPU
		{B5118A5D-73D7-4784-AA84-7B24DDC69C53}.Debug|x86.ActiveCfg = Debug|Any CPU
		{B5118A5D-73D7-4784-AA84-7B24DDC69C53}.Release|Any CPU.ActiveCfg = Release|Any CPU
		{B5118A5D-73D7-4784-AA84-7B24DDC69C53}.Release|Any CPU.Build.0 = Release|Any CPU
		{B5118A5D-73D7-4784-AA84-7B24DDC69C53}.Release|Debug.ActiveCfg = Release|Any CPU
		{B5118A5D-73D7-4784-AA84-7B24DDC69C53}.Release|Mixed Platforms.ActiveCfg = Release|Any CPU
		{B5118A5D-73D7-4784-AA84-7B24DDC69C53}.Release|Mixed Platforms.Build.0 = Release|Any CPU
		{B5118A5D-73D7-4784-AA84-7B24DDC69C53}.Release|Release.ActiveCfg = Release|Any CPU
		{B5118A5D-73D7-4784-AA84-7B24DDC69C53}.Release|Win32.ActiveCfg = Release|Any CPU
		{B5118A5D-73D7-4784-AA84-7B24DDC69C53}.Release|x64.ActiveCfg = Release|Any CPU
		{B5118A5D-73D7-4784-AA84-7B24DDC69C53}.Release|x86.ActiveCfg = Release|Any CPU
		{A9E28A47-72BD-4DD4-AED2-C9355EC03F3A}.Debug|Any CPU.ActiveCfg = Debug|Any CPU
		{A9E28A47-72BD-4DD4-AED2-C9355EC03F3A}.Debug|Any CPU.Build.0 = Debug|Any CPU
		{A9E28A47-72BD-4DD4-AED2-C9355EC03F3A}.Debug|Debug.ActiveCfg = Debug|Any CPU
		{A9E28A47-72BD-4DD4-AED2-C9355EC03F3A}.Debug|Mixed Platforms.ActiveCfg = Debug|Any CPU
		{A9E28A47-72BD-4DD4-AED2-C9355EC03F3A}.Debug|Mixed Platforms.Build.0 = Debug|Any CPU
		{A9E28A47-72BD-4DD4-AED2-C9355EC03F3A}.Debug|Release.ActiveCfg = Release|Any CPU
		{A9E28A47-72BD-4DD4-AED2-C9355EC03F3A}.Debug|Win32.ActiveCfg = Debug|Any CPU
		{A9E28A47-72BD-4DD4-AED2-C9355EC03F3A}.Debug|x64.ActiveCfg = Debug|Any CPU
		{A9E28A47-72BD-4DD4-AED2-C9355EC03F3A}.Debug|x86.ActiveCfg = Debug|Any CPU
		{A9E28A47-72BD-4DD4-AED2-C9355EC03F3A}.Release|Any CPU.ActiveCfg = Release|Any CPU
		{A9E28A47-72BD-4DD4-AED2-C9355EC03F3A}.Release|Any CPU.Build.0 = Release|Any CPU
		{A9E28A47-72BD-4DD4-AED2-C9355EC03F3A}.Release|Debug.ActiveCfg = Release|Any CPU
		{A9E28A47-72BD-4DD4-AED2-C9355EC03F3A}.Release|Mixed Platforms.ActiveCfg = Release|Any CPU
		{A9E28A47-72BD-4DD4-AED2-C9355EC03F3A}.Release|Mixed Platforms.Build.0 = Release|Any CPU
		{A9E28A47-72BD-4DD4-AED2-C9355EC03F3A}.Release|Release.ActiveCfg = Release|Any CPU
		{A9E28A47-72BD-4DD4-AED2-C9355EC03F3A}.Release|Win32.ActiveCfg = Release|Any CPU
		{A9E28A47-72BD-4DD4-AED2-C9355EC03F3A}.Release|x64.ActiveCfg = Release|Any CPU
		{A9E28A47-72BD-4DD4-AED2-C9355EC03F3A}.Release|x86.ActiveCfg = Release|Any CPU
		{61DC8218-8C07-4293-83E4-1E027A462D1B}.Debug|Any CPU.ActiveCfg = Debug|Any CPU
		{61DC8218-8C07-4293-83E4-1E027A462D1B}.Debug|Any CPU.Build.0 = Debug|Any CPU
		{61DC8218-8C07-4293-83E4-1E027A462D1B}.Debug|Debug.ActiveCfg = Debug|Any CPU
		{61DC8218-8C07-4293-83E4-1E027A462D1B}.Debug|Mixed Platforms.ActiveCfg = Debug|Any CPU
		{61DC8218-8C07-4293-83E4-1E027A462D1B}.Debug|Mixed Platforms.Build.0 = Debug|Any CPU
		{61DC8218-8C07-4293-83E4-1E027A462D1B}.Debug|Release.ActiveCfg = Release|Any CPU
		{61DC8218-8C07-4293-83E4-1E027A462D1B}.Debug|Win32.ActiveCfg = Debug|Any CPU
		{61DC8218-8C07-4293-83E4-1E027A462D1B}.Debug|x64.ActiveCfg = Debug|Any CPU
		{61DC8218-8C07-4293-83E4-1E027A462D1B}.Debug|x86.ActiveCfg = Debug|Any CPU
		{61DC8218-8C07-4293-83E4-1E027A462D1B}.Release|Any CPU.ActiveCfg = Release|Any CPU
		{61DC8218-8C07-4293-83E4-1E027A462D1B}.Release|Any CPU.Build.0 = Release|Any CPU
		{61DC8218-8C07-4293-83E4-1E027A462D1B}.Release|Debug.ActiveCfg = Release|Any CPU
		{61DC8218-8C07-4293-83E4-1E027A462D1B}.Release|Mixed Platforms.ActiveCfg = Release|Any CPU
		{61DC8218-8C07-4293-83E4-1E027A462D1B}.Release|Mixed Platforms.Build.0 = Release|Any CPU
		{61DC8218-8C07-4293-83E4-1E027A462D1B}.Release|Release.ActiveCfg = Release|Any CPU
		{61DC8218-8C07-4293-83E4-1E027A462D1B}.Release|Win32.ActiveCfg = Release|Any CPU
		{61DC8218-8C07-4293-83E4-1E027A462D1B}.Release|x64.ActiveCfg = Release|Any CPU
		{61DC8218-8C07-4293-83E4-1E027A462D1B}.Release|x86.ActiveCfg = Release|Any CPU
		{43F73BD7-1495-4750-B8DC-AC50E11007C9}.Debug|Any CPU.ActiveCfg = Debug|Any CPU
		{43F73BD7-1495-4750-B8DC-AC50E11007C9}.Debug|Any CPU.Build.0 = Debug|Any CPU
		{43F73BD7-1495-4750-B8DC-AC50E11007C9}.Debug|Debug.ActiveCfg = Debug|Any CPU
		{43F73BD7-1495-4750-B8DC-AC50E11007C9}.Debug|Mixed Platforms.ActiveCfg = Debug|Any CPU
		{43F73BD7-1495-4750-B8DC-AC50E11007C9}.Debug|Mixed Platforms.Build.0 = Debug|Any CPU
		{43F73BD7-1495-4750-B8DC-AC50E11007C9}.Debug|Release.ActiveCfg = Release|Any CPU
		{43F73BD7-1495-4750-B8DC-AC50E11007C9}.Debug|Win32.ActiveCfg = Debug|Any CPU
		{43F73BD7-1495-4750-B8DC-AC50E11007C9}.Debug|x64.ActiveCfg = Debug|Any CPU
		{43F73BD7-1495-4750-B8DC-AC50E11007C9}.Debug|x86.ActiveCfg = Debug|Any CPU
		{43F73BD7-1495-4750-B8DC-AC50E11007C9}.Release|Any CPU.ActiveCfg = Release|Any CPU
		{43F73BD7-1495-4750-B8DC-AC50E11007C9}.Release|Any CPU.Build.0 = Release|Any CPU
		{43F73BD7-1495-4750-B8DC-AC50E11007C9}.Release|Debug.ActiveCfg = Release|Any CPU
		{43F73BD7-1495-4750-B8DC-AC50E11007C9}.Release|Mixed Platforms.ActiveCfg = Release|Any CPU
		{43F73BD7-1495-4750-B8DC-AC50E11007C9}.Release|Mixed Platforms.Build.0 = Release|Any CPU
		{43F73BD7-1495-4750-B8DC-AC50E11007C9}.Release|Release.ActiveCfg = Release|Any CPU
		{43F73BD7-1495-4750-B8DC-AC50E11007C9}.Release|Win32.ActiveCfg = Release|Any CPU
		{43F73BD7-1495-4750-B8DC-AC50E11007C9}.Release|x64.ActiveCfg = Release|Any CPU
		{43F73BD7-1495-4750-B8DC-AC50E11007C9}.Release|x86.ActiveCfg = Release|Any CPU
		{6357F352-B0DD-462A-A338-04A51A0C7487}.Debug|Any CPU.ActiveCfg = Debug|Any CPU
		{6357F352-B0DD-462A-A338-04A51A0C7487}.Debug|Any CPU.Build.0 = Debug|Any CPU
		{6357F352-B0DD-462A-A338-04A51A0C7487}.Debug|Debug.ActiveCfg = Debug|Any CPU
		{6357F352-B0DD-462A-A338-04A51A0C7487}.Debug|Mixed Platforms.ActiveCfg = Debug|Any CPU
		{6357F352-B0DD-462A-A338-04A51A0C7487}.Debug|Mixed Platforms.Build.0 = Debug|Any CPU
		{6357F352-B0DD-462A-A338-04A51A0C7487}.Debug|Release.ActiveCfg = Release|Any CPU
		{6357F352-B0DD-462A-A338-04A51A0C7487}.Debug|Win32.ActiveCfg = Debug|Any CPU
		{6357F352-B0DD-462A-A338-04A51A0C7487}.Debug|x64.ActiveCfg = Debug|Any CPU
		{6357F352-B0DD-462A-A338-04A51A0C7487}.Debug|x86.ActiveCfg = Debug|Any CPU
		{6357F352-B0DD-462A-A338-04A51A0C7487}.Release|Any CPU.ActiveCfg = Release|Any CPU
		{6357F352-B0DD-462A-A338-04A51A0C7487}.Release|Any CPU.Build.0 = Release|Any CPU
		{6357F352-B0DD-462A-A338-04A51A0C7487}.Release|Debug.ActiveCfg = Release|Any CPU
		{6357F352-B0DD-462A-A338-04A51A0C7487}.Release|Mixed Platforms.ActiveCfg = Release|Any CPU
		{6357F352-B0DD-462A-A338-04A51A0C7487}.Release|Mixed Platforms.Build.0 = Release|Any CPU
		{6357F352-B0DD-462A-A338-04A51A0C7487}.Release|Release.ActiveCfg = Release|Any CPU
		{6357F352-B0DD-462A-A338-04A51A0C7487}.Release|Win32.ActiveCfg = Release|Any CPU
		{6357F352-B0DD-462A-A338-04A51A0C7487}.Release|x64.ActiveCfg = Release|Any CPU
		{6357F352-B0DD-462A-A338-04A51A0C7487}.Release|x86.ActiveCfg = Release|Any CPU
		{19EF75B2-B414-4EB0-9486-160FAF93E62C}.Debug|Any CPU.ActiveCfg = Debug|Any CPU
		{19EF75B2-B414-4EB0-9486-160FAF93E62C}.Debug|Any CPU.Build.0 = Debug|Any CPU
		{19EF75B2-B414-4EB0-9486-160FAF93E62C}.Debug|Debug.ActiveCfg = Debug|Any CPU
		{19EF75B2-B414-4EB0-9486-160FAF93E62C}.Debug|Mixed Platforms.ActiveCfg = Debug|Any CPU
		{19EF75B2-B414-4EB0-9486-160FAF93E62C}.Debug|Mixed Platforms.Build.0 = Debug|Any CPU
		{19EF75B2-B414-4EB0-9486-160FAF93E62C}.Debug|Release.ActiveCfg = Release|Any CPU
		{19EF75B2-B414-4EB0-9486-160FAF93E62C}.Debug|Win32.ActiveCfg = Debug|Any CPU
		{19EF75B2-B414-4EB0-9486-160FAF93E62C}.Debug|x64.ActiveCfg = Debug|Any CPU
		{19EF75B2-B414-4EB0-9486-160FAF93E62C}.Debug|x86.ActiveCfg = Debug|Any CPU
		{19EF75B2-B414-4EB0-9486-160FAF93E62C}.Release|Any CPU.ActiveCfg = Release|Any CPU
		{19EF75B2-B414-4EB0-9486-160FAF93E62C}.Release|Any CPU.Build.0 = Release|Any CPU
		{19EF75B2-B414-4EB0-9486-160FAF93E62C}.Release|Debug.ActiveCfg = Release|Any CPU
		{19EF75B2-B414-4EB0-9486-160FAF93E62C}.Release|Mixed Platforms.ActiveCfg = Release|Any CPU
		{19EF75B2-B414-4EB0-9486-160FAF93E62C}.Release|Mixed Platforms.Build.0 = Release|Any CPU
		{19EF75B2-B414-4EB0-9486-160FAF93E62C}.Release|Release.ActiveCfg = Release|Any CPU
		{19EF75B2-B414-4EB0-9486-160FAF93E62C}.Release|Win32.ActiveCfg = Release|Any CPU
		{19EF75B2-B414-4EB0-9486-160FAF93E62C}.Release|x64.ActiveCfg = Release|Any CPU
		{19EF75B2-B414-4EB0-9486-160FAF93E62C}.Release|x86.ActiveCfg = Release|Any CPU
		{E362E2A5-F9CF-4691-A3FC-E68B2C532B18}.Debug|Any CPU.ActiveCfg = Debug|Any CPU
		{E362E2A5-F9CF-4691-A3FC-E68B2C532B18}.Debug|Any CPU.Build.0 = Debug|Any CPU
		{E362E2A5-F9CF-4691-A3FC-E68B2C532B18}.Debug|Debug.ActiveCfg = Debug|Any CPU
		{E362E2A5-F9CF-4691-A3FC-E68B2C532B18}.Debug|Mixed Platforms.ActiveCfg = Debug|Any CPU
		{E362E2A5-F9CF-4691-A3FC-E68B2C532B18}.Debug|Mixed Platforms.Build.0 = Debug|Any CPU
		{E362E2A5-F9CF-4691-A3FC-E68B2C532B18}.Debug|Release.ActiveCfg = Release|Any CPU
		{E362E2A5-F9CF-4691-A3FC-E68B2C532B18}.Debug|Win32.ActiveCfg = Debug|Any CPU
		{E362E2A5-F9CF-4691-A3FC-E68B2C532B18}.Debug|x64.ActiveCfg = Debug|Any CPU
		{E362E2A5-F9CF-4691-A3FC-E68B2C532B18}.Debug|x86.ActiveCfg = Debug|Any CPU
		{E362E2A5-F9CF-4691-A3FC-E68B2C532B18}.Release|Any CPU.ActiveCfg = Release|Any CPU
		{E362E2A5-F9CF-4691-A3FC-E68B2C532B18}.Release|Any CPU.Build.0 = Release|Any CPU
		{E362E2A5-F9CF-4691-A3FC-E68B2C532B18}.Release|Debug.ActiveCfg = Release|Any CPU
		{E362E2A5-F9CF-4691-A3FC-E68B2C532B18}.Release|Mixed Platforms.ActiveCfg = Release|Any CPU
		{E362E2A5-F9CF-4691-A3FC-E68B2C532B18}.Release|Mixed Platforms.Build.0 = Release|Any CPU
		{E362E2A5-F9CF-4691-A3FC-E68B2C532B18}.Release|Release.ActiveCfg = Release|Any CPU
		{E362E2A5-F9CF-4691-A3FC-E68B2C532B18}.Release|Win32.ActiveCfg = Release|Any CPU
		{E362E2A5-F9CF-4691-A3FC-E68B2C532B18}.Release|x64.ActiveCfg = Release|Any CPU
		{E362E2A5-F9CF-4691-A3FC-E68B2C532B18}.Release|x86.ActiveCfg = Release|Any CPU
		{C35C1F42-507C-4EF9-86B5-9C2E6E971318}.Debug|Any CPU.ActiveCfg = Debug|Any CPU
		{C35C1F42-507C-4EF9-86B5-9C2E6E971318}.Debug|Any CPU.Build.0 = Debug|Any CPU
		{C35C1F42-507C-4EF9-86B5-9C2E6E971318}.Debug|Debug.ActiveCfg = Debug|Any CPU
		{C35C1F42-507C-4EF9-86B5-9C2E6E971318}.Debug|Mixed Platforms.ActiveCfg = Debug|Any CPU
		{C35C1F42-507C-4EF9-86B5-9C2E6E971318}.Debug|Mixed Platforms.Build.0 = Debug|Any CPU
		{C35C1F42-507C-4EF9-86B5-9C2E6E971318}.Debug|Release.ActiveCfg = Release|Any CPU
		{C35C1F42-507C-4EF9-86B5-9C2E6E971318}.Debug|Win32.ActiveCfg = Debug|Any CPU
		{C35C1F42-507C-4EF9-86B5-9C2E6E971318}.Debug|x64.ActiveCfg = Debug|Any CPU
		{C35C1F42-507C-4EF9-86B5-9C2E6E971318}.Debug|x86.ActiveCfg = Debug|Any CPU
		{C35C1F42-507C-4EF9-86B5-9C2E6E971318}.Release|Any CPU.ActiveCfg = Release|Any CPU
		{C35C1F42-507C-4EF9-86B5-9C2E6E971318}.Release|Any CPU.Build.0 = Release|Any CPU
		{C35C1F42-507C-4EF9-86B5-9C2E6E971318}.Release|Debug.ActiveCfg = Release|Any CPU
		{C35C1F42-507C-4EF9-86B5-9C2E6E971318}.Release|Mixed Platforms.ActiveCfg = Release|Any CPU
		{C35C1F42-507C-4EF9-86B5-9C2E6E971318}.Release|Mixed Platforms.Build.0 = Release|Any CPU
		{C35C1F42-507C-4EF9-86B5-9C2E6E971318}.Release|Release.ActiveCfg = Release|Any CPU
		{C35C1F42-507C-4EF9-86B5-9C2E6E971318}.Release|Win32.ActiveCfg = Release|Any CPU
		{C35C1F42-507C-4EF9-86B5-9C2E6E971318}.Release|x64.ActiveCfg = Release|Any CPU
		{C35C1F42-507C-4EF9-86B5-9C2E6E971318}.Release|x86.ActiveCfg = Release|Any CPU
		{F440AFB2-6B93-4189-9254-6FDCE2BFEA4F}.Debug|Any CPU.ActiveCfg = Debug|x86
		{F440AFB2-6B93-4189-9254-6FDCE2BFEA4F}.Debug|Debug.ActiveCfg = Debug|x86
		{F440AFB2-6B93-4189-9254-6FDCE2BFEA4F}.Debug|Mixed Platforms.ActiveCfg = Debug|x86
		{F440AFB2-6B93-4189-9254-6FDCE2BFEA4F}.Debug|Mixed Platforms.Build.0 = Debug|x86
		{F440AFB2-6B93-4189-9254-6FDCE2BFEA4F}.Debug|Release.ActiveCfg = Release|x86
		{F440AFB2-6B93-4189-9254-6FDCE2BFEA4F}.Debug|Win32.ActiveCfg = Debug|x86
		{F440AFB2-6B93-4189-9254-6FDCE2BFEA4F}.Debug|x64.ActiveCfg = Debug|x86
		{F440AFB2-6B93-4189-9254-6FDCE2BFEA4F}.Debug|x86.ActiveCfg = Debug|x86
		{F440AFB2-6B93-4189-9254-6FDCE2BFEA4F}.Debug|x86.Build.0 = Debug|x86
		{F440AFB2-6B93-4189-9254-6FDCE2BFEA4F}.Release|Any CPU.ActiveCfg = Release|x86
		{F440AFB2-6B93-4189-9254-6FDCE2BFEA4F}.Release|Debug.ActiveCfg = Release|x86
		{F440AFB2-6B93-4189-9254-6FDCE2BFEA4F}.Release|Mixed Platforms.ActiveCfg = Release|x86
		{F440AFB2-6B93-4189-9254-6FDCE2BFEA4F}.Release|Mixed Platforms.Build.0 = Release|x86
		{F440AFB2-6B93-4189-9254-6FDCE2BFEA4F}.Release|Release.ActiveCfg = Release|x86
		{F440AFB2-6B93-4189-9254-6FDCE2BFEA4F}.Release|Win32.ActiveCfg = Release|x86
		{F440AFB2-6B93-4189-9254-6FDCE2BFEA4F}.Release|x64.ActiveCfg = Release|x86
		{F440AFB2-6B93-4189-9254-6FDCE2BFEA4F}.Release|x86.ActiveCfg = Release|x86
		{F440AFB2-6B93-4189-9254-6FDCE2BFEA4F}.Release|x86.Build.0 = Release|x86
		{638000FB-9122-437D-A3CF-08DF00B69AC7}.Debug|Any CPU.ActiveCfg = Debug|x86
		{638000FB-9122-437D-A3CF-08DF00B69AC7}.Debug|Debug.ActiveCfg = Debug|x86
		{638000FB-9122-437D-A3CF-08DF00B69AC7}.Debug|Mixed Platforms.ActiveCfg = Debug|x86
		{638000FB-9122-437D-A3CF-08DF00B69AC7}.Debug|Mixed Platforms.Build.0 = Debug|x86
		{638000FB-9122-437D-A3CF-08DF00B69AC7}.Debug|Release.ActiveCfg = Release|x86
		{638000FB-9122-437D-A3CF-08DF00B69AC7}.Debug|Win32.ActiveCfg = Debug|x86
		{638000FB-9122-437D-A3CF-08DF00B69AC7}.Debug|x64.ActiveCfg = Debug|x86
		{638000FB-9122-437D-A3CF-08DF00B69AC7}.Debug|x86.ActiveCfg = Debug|x86
		{638000FB-9122-437D-A3CF-08DF00B69AC7}.Debug|x86.Build.0 = Debug|x86
		{638000FB-9122-437D-A3CF-08DF00B69AC7}.Release|Any CPU.ActiveCfg = Release|x86
		{638000FB-9122-437D-A3CF-08DF00B69AC7}.Release|Debug.ActiveCfg = Release|x86
		{638000FB-9122-437D-A3CF-08DF00B69AC7}.Release|Mixed Platforms.ActiveCfg = Release|x86
		{638000FB-9122-437D-A3CF-08DF00B69AC7}.Release|Mixed Platforms.Build.0 = Release|x86
		{638000FB-9122-437D-A3CF-08DF00B69AC7}.Release|Release.ActiveCfg = Release|x86
		{638000FB-9122-437D-A3CF-08DF00B69AC7}.Release|Win32.ActiveCfg = Release|x86
		{638000FB-9122-437D-A3CF-08DF00B69AC7}.Release|x64.ActiveCfg = Release|x86
		{638000FB-9122-437D-A3CF-08DF00B69AC7}.Release|x86.ActiveCfg = Release|x86
		{638000FB-9122-437D-A3CF-08DF00B69AC7}.Release|x86.Build.0 = Release|x86
		{6BADBAAA-B3E2-4C9F-8927-2358C85DD9FE}.Debug|Any CPU.ActiveCfg = Debug|x86
		{6BADBAAA-B3E2-4C9F-8927-2358C85DD9FE}.Debug|Debug.ActiveCfg = Debug|x86
		{6BADBAAA-B3E2-4C9F-8927-2358C85DD9FE}.Debug|Mixed Platforms.ActiveCfg = Debug|x86
		{6BADBAAA-B3E2-4C9F-8927-2358C85DD9FE}.Debug|Mixed Platforms.Build.0 = Debug|x86
		{6BADBAAA-B3E2-4C9F-8927-2358C85DD9FE}.Debug|Release.ActiveCfg = Release|x86
		{6BADBAAA-B3E2-4C9F-8927-2358C85DD9FE}.Debug|Win32.ActiveCfg = Debug|x86
		{6BADBAAA-B3E2-4C9F-8927-2358C85DD9FE}.Debug|x64.ActiveCfg = Debug|x86
		{6BADBAAA-B3E2-4C9F-8927-2358C85DD9FE}.Debug|x86.ActiveCfg = Debug|x86
		{6BADBAAA-B3E2-4C9F-8927-2358C85DD9FE}.Debug|x86.Build.0 = Debug|x86
		{6BADBAAA-B3E2-4C9F-8927-2358C85DD9FE}.Release|Any CPU.ActiveCfg = Release|x86
		{6BADBAAA-B3E2-4C9F-8927-2358C85DD9FE}.Release|Debug.ActiveCfg = Release|x86
		{6BADBAAA-B3E2-4C9F-8927-2358C85DD9FE}.Release|Mixed Platforms.ActiveCfg = Release|x86
		{6BADBAAA-B3E2-4C9F-8927-2358C85DD9FE}.Release|Mixed Platforms.Build.0 = Release|x86
		{6BADBAAA-B3E2-4C9F-8927-2358C85DD9FE}.Release|Release.ActiveCfg = Release|x86
		{6BADBAAA-B3E2-4C9F-8927-2358C85DD9FE}.Release|Win32.ActiveCfg = Release|x86
		{6BADBAAA-B3E2-4C9F-8927-2358C85DD9FE}.Release|x64.ActiveCfg = Release|x86
		{6BADBAAA-B3E2-4C9F-8927-2358C85DD9FE}.Release|x86.ActiveCfg = Release|x86
		{6BADBAAA-B3E2-4C9F-8927-2358C85DD9FE}.Release|x86.Build.0 = Release|x86
		{419E259F-E9C0-4E01-BA19-709FE84DEAD5}.Debug|Any CPU.Build.0 = Debug|Any CPU
		{419E259F-E9C0-4E01-BA19-709FE84DEAD5}.Debug|Any CPU.ActiveCfg = Debug|Any CPU
		{419E259F-E9C0-4E01-BA19-709FE84DEAD5}.Debug|Debug.Build.0 = Debug|Any CPU
		{419E259F-E9C0-4E01-BA19-709FE84DEAD5}.Debug|Debug.ActiveCfg = Debug|Any CPU
		{419E259F-E9C0-4E01-BA19-709FE84DEAD5}.Debug|Mixed Platforms.Build.0 = Debug|Any CPU
		{419E259F-E9C0-4E01-BA19-709FE84DEAD5}.Debug|Mixed Platforms.ActiveCfg = Debug|Any CPU
		{419E259F-E9C0-4E01-BA19-709FE84DEAD5}.Debug|Release.Build.0 = Debug|Any CPU
		{419E259F-E9C0-4E01-BA19-709FE84DEAD5}.Debug|Release.ActiveCfg = Debug|Any CPU
		{419E259F-E9C0-4E01-BA19-709FE84DEAD5}.Debug|Win32.Build.0 = Debug|Any CPU
		{419E259F-E9C0-4E01-BA19-709FE84DEAD5}.Debug|Win32.ActiveCfg = Debug|Any CPU
		{419E259F-E9C0-4E01-BA19-709FE84DEAD5}.Debug|x64.Build.0 = Debug|Any CPU
		{419E259F-E9C0-4E01-BA19-709FE84DEAD5}.Debug|x64.ActiveCfg = Debug|Any CPU
		{419E259F-E9C0-4E01-BA19-709FE84DEAD5}.Debug|x86.Build.0 = Debug|Any CPU
		{419E259F-E9C0-4E01-BA19-709FE84DEAD5}.Debug|x86.ActiveCfg = Debug|Any CPU
		{419E259F-E9C0-4E01-BA19-709FE84DEAD5}.Release|Any CPU.Build.0 = Release|Any CPU
		{419E259F-E9C0-4E01-BA19-709FE84DEAD5}.Release|Any CPU.ActiveCfg = Release|Any CPU
		{419E259F-E9C0-4E01-BA19-709FE84DEAD5}.Release|Debug.Build.0 = Release|Any CPU
		{419E259F-E9C0-4E01-BA19-709FE84DEAD5}.Release|Debug.ActiveCfg = Release|Any CPU
		{419E259F-E9C0-4E01-BA19-709FE84DEAD5}.Release|Mixed Platforms.Build.0 = Release|Any CPU
		{419E259F-E9C0-4E01-BA19-709FE84DEAD5}.Release|Mixed Platforms.ActiveCfg = Release|Any CPU
		{419E259F-E9C0-4E01-BA19-709FE84DEAD5}.Release|Release.Build.0 = Release|Any CPU
		{419E259F-E9C0-4E01-BA19-709FE84DEAD5}.Release|Release.ActiveCfg = Release|Any CPU
		{419E259F-E9C0-4E01-BA19-709FE84DEAD5}.Release|Win32.Build.0 = Release|Any CPU
		{419E259F-E9C0-4E01-BA19-709FE84DEAD5}.Release|Win32.ActiveCfg = Release|Any CPU
		{419E259F-E9C0-4E01-BA19-709FE84DEAD5}.Release|x64.Build.0 = Release|Any CPU
		{419E259F-E9C0-4E01-BA19-709FE84DEAD5}.Release|x64.ActiveCfg = Release|Any CPU
		{419E259F-E9C0-4E01-BA19-709FE84DEAD5}.Release|x86.Build.0 = Release|Any CPU
		{419E259F-E9C0-4E01-BA19-709FE84DEAD5}.Release|x86.ActiveCfg = Release|Any CPU
		{8141886D-307B-4030-9320-8821B859AF66}.Debug|Any CPU.Build.0 = Debug|Any CPU
		{8141886D-307B-4030-9320-8821B859AF66}.Debug|Any CPU.ActiveCfg = Debug|Any CPU
		{8141886D-307B-4030-9320-8821B859AF66}.Debug|Debug.Build.0 = Debug|Any CPU
		{8141886D-307B-4030-9320-8821B859AF66}.Debug|Debug.ActiveCfg = Debug|Any CPU
		{8141886D-307B-4030-9320-8821B859AF66}.Debug|Mixed Platforms.Build.0 = Debug|Any CPU
		{8141886D-307B-4030-9320-8821B859AF66}.Debug|Mixed Platforms.ActiveCfg = Debug|Any CPU
		{8141886D-307B-4030-9320-8821B859AF66}.Debug|Release.Build.0 = Debug|Any CPU
		{8141886D-307B-4030-9320-8821B859AF66}.Debug|Release.ActiveCfg = Debug|Any CPU
		{8141886D-307B-4030-9320-8821B859AF66}.Debug|Win32.Build.0 = Debug|Any CPU
		{8141886D-307B-4030-9320-8821B859AF66}.Debug|Win32.ActiveCfg = Debug|Any CPU
		{8141886D-307B-4030-9320-8821B859AF66}.Debug|x64.Build.0 = Debug|Any CPU
		{8141886D-307B-4030-9320-8821B859AF66}.Debug|x64.ActiveCfg = Debug|Any CPU
		{8141886D-307B-4030-9320-8821B859AF66}.Debug|x86.Build.0 = Debug|Any CPU
		{8141886D-307B-4030-9320-8821B859AF66}.Debug|x86.ActiveCfg = Debug|Any CPU
		{8141886D-307B-4030-9320-8821B859AF66}.Release|Any CPU.Build.0 = Release|Any CPU
		{8141886D-307B-4030-9320-8821B859AF66}.Release|Any CPU.ActiveCfg = Release|Any CPU
		{8141886D-307B-4030-9320-8821B859AF66}.Release|Debug.Build.0 = Release|Any CPU
		{8141886D-307B-4030-9320-8821B859AF66}.Release|Debug.ActiveCfg = Release|Any CPU
		{8141886D-307B-4030-9320-8821B859AF66}.Release|Mixed Platforms.Build.0 = Release|Any CPU
		{8141886D-307B-4030-9320-8821B859AF66}.Release|Mixed Platforms.ActiveCfg = Release|Any CPU
		{8141886D-307B-4030-9320-8821B859AF66}.Release|Release.Build.0 = Release|Any CPU
		{8141886D-307B-4030-9320-8821B859AF66}.Release|Release.ActiveCfg = Release|Any CPU
		{8141886D-307B-4030-9320-8821B859AF66}.Release|Win32.Build.0 = Release|Any CPU
		{8141886D-307B-4030-9320-8821B859AF66}.Release|Win32.ActiveCfg = Release|Any CPU
		{8141886D-307B-4030-9320-8821B859AF66}.Release|x64.Build.0 = Release|Any CPU
		{8141886D-307B-4030-9320-8821B859AF66}.Release|x64.ActiveCfg = Release|Any CPU
		{8141886D-307B-4030-9320-8821B859AF66}.Release|x86.Build.0 = Release|Any CPU
		{8141886D-307B-4030-9320-8821B859AF66}.Release|x86.ActiveCfg = Release|Any CPU
		{E429600B-B981-4F6D-A2EF-9BE2CD74F09A}.Debug|Any CPU.Build.0 = Debug|x86
		{E429600B-B981-4F6D-A2EF-9BE2CD74F09A}.Debug|Any CPU.ActiveCfg = Debug|x86
		{E429600B-B981-4F6D-A2EF-9BE2CD74F09A}.Debug|Debug.Build.0 = Debug|x86
		{E429600B-B981-4F6D-A2EF-9BE2CD74F09A}.Debug|Debug.ActiveCfg = Debug|x86
		{E429600B-B981-4F6D-A2EF-9BE2CD74F09A}.Debug|Mixed Platforms.Build.0 = Debug|x86
		{E429600B-B981-4F6D-A2EF-9BE2CD74F09A}.Debug|Mixed Platforms.ActiveCfg = Debug|x86
		{E429600B-B981-4F6D-A2EF-9BE2CD74F09A}.Debug|Release.Build.0 = Debug|x86
		{E429600B-B981-4F6D-A2EF-9BE2CD74F09A}.Debug|Release.ActiveCfg = Debug|x86
		{E429600B-B981-4F6D-A2EF-9BE2CD74F09A}.Debug|Win32.Build.0 = Debug|x86
		{E429600B-B981-4F6D-A2EF-9BE2CD74F09A}.Debug|Win32.ActiveCfg = Debug|x86
		{E429600B-B981-4F6D-A2EF-9BE2CD74F09A}.Debug|x64.Build.0 = Debug|x86
		{E429600B-B981-4F6D-A2EF-9BE2CD74F09A}.Debug|x64.ActiveCfg = Debug|x86
		{E429600B-B981-4F6D-A2EF-9BE2CD74F09A}.Debug|x86.Build.0 = Debug|x86
		{E429600B-B981-4F6D-A2EF-9BE2CD74F09A}.Debug|x86.ActiveCfg = Debug|x86
		{E429600B-B981-4F6D-A2EF-9BE2CD74F09A}.Release|Any CPU.Build.0 = Release|x86
		{E429600B-B981-4F6D-A2EF-9BE2CD74F09A}.Release|Any CPU.ActiveCfg = Release|x86
		{E429600B-B981-4F6D-A2EF-9BE2CD74F09A}.Release|Debug.Build.0 = Release|x86
		{E429600B-B981-4F6D-A2EF-9BE2CD74F09A}.Release|Debug.ActiveCfg = Release|x86
		{E429600B-B981-4F6D-A2EF-9BE2CD74F09A}.Release|Mixed Platforms.Build.0 = Release|x86
		{E429600B-B981-4F6D-A2EF-9BE2CD74F09A}.Release|Mixed Platforms.ActiveCfg = Release|x86
		{E429600B-B981-4F6D-A2EF-9BE2CD74F09A}.Release|Release.Build.0 = Release|x86
		{E429600B-B981-4F6D-A2EF-9BE2CD74F09A}.Release|Release.ActiveCfg = Release|x86
		{E429600B-B981-4F6D-A2EF-9BE2CD74F09A}.Release|Win32.Build.0 = Release|x86
		{E429600B-B981-4F6D-A2EF-9BE2CD74F09A}.Release|Win32.ActiveCfg = Release|x86
		{E429600B-B981-4F6D-A2EF-9BE2CD74F09A}.Release|x64.Build.0 = Release|x86
		{E429600B-B981-4F6D-A2EF-9BE2CD74F09A}.Release|x64.ActiveCfg = Release|x86
		{E429600B-B981-4F6D-A2EF-9BE2CD74F09A}.Release|x86.Build.0 = Release|x86
		{E429600B-B981-4F6D-A2EF-9BE2CD74F09A}.Release|x86.ActiveCfg = Release|x86
		{2B27DE5E-5CD6-47DF-9363-39D40A0C5290}.Debug|Any CPU.Build.0 = Debug|x86
		{2B27DE5E-5CD6-47DF-9363-39D40A0C5290}.Debug|Any CPU.ActiveCfg = Debug|x86
		{2B27DE5E-5CD6-47DF-9363-39D40A0C5290}.Debug|Debug.Build.0 = Debug|x86
		{2B27DE5E-5CD6-47DF-9363-39D40A0C5290}.Debug|Debug.ActiveCfg = Debug|x86
		{2B27DE5E-5CD6-47DF-9363-39D40A0C5290}.Debug|Mixed Platforms.Build.0 = Debug|x86
		{2B27DE5E-5CD6-47DF-9363-39D40A0C5290}.Debug|Mixed Platforms.ActiveCfg = Debug|x86
		{2B27DE5E-5CD6-47DF-9363-39D40A0C5290}.Debug|Release.Build.0 = Debug|x86
		{2B27DE5E-5CD6-47DF-9363-39D40A0C5290}.Debug|Release.ActiveCfg = Debug|x86
		{2B27DE5E-5CD6-47DF-9363-39D40A0C5290}.Debug|Win32.Build.0 = Debug|x86
		{2B27DE5E-5CD6-47DF-9363-39D40A0C5290}.Debug|Win32.ActiveCfg = Debug|x86
		{2B27DE5E-5CD6-47DF-9363-39D40A0C5290}.Debug|x64.Build.0 = Debug|x86
		{2B27DE5E-5CD6-47DF-9363-39D40A0C5290}.Debug|x64.ActiveCfg = Debug|x86
		{2B27DE5E-5CD6-47DF-9363-39D40A0C5290}.Debug|x86.Build.0 = Debug|x86
		{2B27DE5E-5CD6-47DF-9363-39D40A0C5290}.Debug|x86.ActiveCfg = Debug|x86
		{2B27DE5E-5CD6-47DF-9363-39D40A0C5290}.Release|Any CPU.Build.0 = Release|x86
		{2B27DE5E-5CD6-47DF-9363-39D40A0C5290}.Release|Any CPU.ActiveCfg = Release|x86
		{2B27DE5E-5CD6-47DF-9363-39D40A0C5290}.Release|Debug.Build.0 = Release|x86
		{2B27DE5E-5CD6-47DF-9363-39D40A0C5290}.Release|Debug.ActiveCfg = Release|x86
		{2B27DE5E-5CD6-47DF-9363-39D40A0C5290}.Release|Mixed Platforms.Build.0 = Release|x86
		{2B27DE5E-5CD6-47DF-9363-39D40A0C5290}.Release|Mixed Platforms.ActiveCfg = Release|x86
		{2B27DE5E-5CD6-47DF-9363-39D40A0C5290}.Release|Release.Build.0 = Release|x86
		{2B27DE5E-5CD6-47DF-9363-39D40A0C5290}.Release|Release.ActiveCfg = Release|x86
		{2B27DE5E-5CD6-47DF-9363-39D40A0C5290}.Release|Win32.Build.0 = Release|x86
		{2B27DE5E-5CD6-47DF-9363-39D40A0C5290}.Release|Win32.ActiveCfg = Release|x86
		{2B27DE5E-5CD6-47DF-9363-39D40A0C5290}.Release|x64.Build.0 = Release|x86
		{2B27DE5E-5CD6-47DF-9363-39D40A0C5290}.Release|x64.ActiveCfg = Release|x86
		{2B27DE5E-5CD6-47DF-9363-39D40A0C5290}.Release|x86.Build.0 = Release|x86
		{2B27DE5E-5CD6-47DF-9363-39D40A0C5290}.Release|x86.ActiveCfg = Release|x86
	EndGlobalSection
	GlobalSection(SolutionProperties) = preSolution
		HideSolutionNode = FALSE
	EndGlobalSection
	GlobalSection(NestedProjects) = preSolution
		{AA8476BD-DC24-418E-8540-130030806F7F} = {B951BA46-2462-42A5-A1AF-D0A7C4AA2B53}
		{D57D77BA-7E2A-4F6B-A6F8-8B62E4F16573} = {B1A77439-1F59-463C-B483-E4CF20FBC88E}
		{35C89EA1-352C-4290-ABDB-F207577873CB} = {B1A77439-1F59-463C-B483-E4CF20FBC88E}
		{240536CA-924A-45A5-BFD4-0BF8AE3BB93B} = {03A6D86F-6562-4E23-9DD9-6E778FDA179A}
		{1E4ADB77-C46A-46B0-B088-CDF7C426EC82} = {CE68B0A7-630D-485E-97CC-D2D1DC3B0103}
		{C75532C4-765B-418E-B09B-46D36B2ABDB1} = {CE68B0A7-630D-485E-97CC-D2D1DC3B0103}
		{BB0473A6-114A-4C70-BFA4-89B8B1415801} = {CE68B0A7-630D-485E-97CC-D2D1DC3B0103}
		{0F782C94-10C8-4D42-8A0B-2F6479C0294A} = {CE68B0A7-630D-485E-97CC-D2D1DC3B0103}
		{C35C1F42-507C-4EF9-86B5-9C2E6E971318} = {66AA764F-39F5-45AB-89B3-59DE155BC7D8}
		{D23813E0-18FB-41C9-AB25-EE6A95FCA9E5} = {66AA764F-39F5-45AB-89B3-59DE155BC7D8}
		{6357F352-B0DD-462A-A338-04A51A0C7487} = {66AA764F-39F5-45AB-89B3-59DE155BC7D8}
		{43F73BD7-1495-4750-B8DC-AC50E11007C9} = {66AA764F-39F5-45AB-89B3-59DE155BC7D8}
		{61DC8218-8C07-4293-83E4-1E027A462D1B} = {66AA764F-39F5-45AB-89B3-59DE155BC7D8}
		{A9E28A47-72BD-4DD4-AED2-C9355EC03F3A} = {66AA764F-39F5-45AB-89B3-59DE155BC7D8}
		{B5118A5D-73D7-4784-AA84-7B24DDC69C53} = {66AA764F-39F5-45AB-89B3-59DE155BC7D8}
		{336D2BEB-6086-4AC5-8028-63D786C39B7E} = {66AA764F-39F5-45AB-89B3-59DE155BC7D8}
		{082FC20A-0763-4377-BB3B-71645A17B8E1} = {66AA764F-39F5-45AB-89B3-59DE155BC7D8}
		{716557E3-7757-43C8-A4A2-38AA20C5D520} = {66AA764F-39F5-45AB-89B3-59DE155BC7D8}
		{2AF7A7F7-C964-42D7-9C33-FADED4BBF066} = {66AA764F-39F5-45AB-89B3-59DE155BC7D8}
		{E362E2A5-F9CF-4691-A3FC-E68B2C532B18} = {D23813E0-18FB-41C9-AB25-EE6A95FCA9E5}
		{19EF75B2-B414-4EB0-9486-160FAF93E62C} = {D23813E0-18FB-41C9-AB25-EE6A95FCA9E5}
		{638000FB-9122-437D-A3CF-08DF00B69AC7} = {53A48428-BD2D-4695-81A6-9C94AE593224}
		{F440AFB2-6B93-4189-9254-6FDCE2BFEA4F} = {53A48428-BD2D-4695-81A6-9C94AE593224}
		{419E259F-E9C0-4E01-BA19-709FE84DEAD5} = {4143C1FA-36C1-4A06-95EE-E2362B929CBD}
		{8141886D-307B-4030-9320-8821B859AF66} = {4143C1FA-36C1-4A06-95EE-E2362B929CBD}
		{E429600B-B981-4F6D-A2EF-9BE2CD74F09A} = {4143C1FA-36C1-4A06-95EE-E2362B929CBD}
	EndGlobalSection
EndGlobal
