
Microsoft Visual Studio Solution File, Format Version 11.00
# Visual Studio 2010
# SharpDevelop 4.2.0.8295-alpha
Project("{2150E333-8FDC-42A3-9474-1A3956D46DE8}") = "Other Utilities", "Other Utilities", "{B951BA46-2462-42A5-A1AF-D0A7C4AA2B53}"
	ProjectSection(SolutionItems) = postProject
	EndProjectSection
EndProject
Project("{F184B08F-C81C-45F6-A57F-5ABD9991F28F}") = "Package Maker", "Package Maker\Package Maker.vbproj", "{AA8476BD-DC24-418E-8540-130030806F7F}"
EndProject
Project("{2150E333-8FDC-42A3-9474-1A3956D46DE8}") = "Required Libraries", "Required Libraries", "{CE68B0A7-630D-485E-97CC-D2D1DC3B0103}"
	ProjectSection(SolutionItems) = postProject
	EndProjectSection
EndProject
Project("{FAE04EC0-301F-11D3-BF4B-00C04F79EFBC}") = "WinFormsUI", "Required Libraries\WinFormsUI\WinFormsUI.csproj", "{C75532C4-765B-418E-B09B-46D36B2ABDB1}"
EndProject
Project("{2150E333-8FDC-42A3-9474-1A3956D46DE8}") = "Plugins", "Plugins", "{66AA764F-39F5-45AB-89B3-59DE155BC7D8}"
	ProjectSection(SolutionItems) = postProject
	EndProjectSection
EndProject
Project("{2150E333-8FDC-42A3-9474-1A3956D46DE8}") = "CodeEditor", "CodeEditor", "{D23813E0-18FB-41C9-AB25-EE6A95FCA9E5}"
	ProjectSection(SolutionItems) = postProject
	EndProjectSection
EndProject
Project("{F184B08F-C81C-45F6-A57F-5ABD9991F28F}") = "CodeEditor", "Plugins\CodeEditor\CodeEditor.vbproj", "{E362E2A5-F9CF-4691-A3FC-E68B2C532B18}"
EndProject
Project("{FAE04EC0-301F-11D3-BF4B-00C04F79EFBC}") = "SyntaxBox", "Required Libraries\Alsing.SyntaxBox\SyntaxBox.csproj", "{19EF75B2-B414-4EB0-9486-160FAF93E62C}"
EndProject
Project("{F184B08F-C81C-45F6-A57F-5ABD9991F28F}") = "CalculatorPlugin", "Plugins\CalculatorPlugin\CalculatorPlugin.vbproj", "{A9E28A47-72BD-4DD4-AED2-C9355EC03F3A}"
EndProject
Project("{F184B08F-C81C-45F6-A57F-5ABD9991F28F}") = "Old Notepad X", "Main\Old NX\Notepad X.vbproj", "{6BADBAAA-B3E2-4C9F-8927-2358C85DD9FE}"
EndProject
Project("{FAE04EC0-301F-11D3-BF4B-00C04F79EFBC}") = "Notepad X", "Main\Notepad X\Notepad X.csproj", "{B3373EFE-70E2-4D86-A97C-28BF629DE7DF}"
EndProject
Project("{FAE04EC0-301F-11D3-BF4B-00C04F79EFBC}") = "IExtendFramework", "..\..\Documents\SharpDevelop Projects\IExtendFramework\IExtendFramework.csproj", "{555B1E7D-E629-48A7-87A4-0AFBB69290FC}"
EndProject
Global
	GlobalSection(SolutionConfigurationPlatforms) = preSolution
		Debug|Any CPU = Debug|Any CPU
		Debug|Debug = Debug|Debug
		Debug|Mixed Platforms = Debug|Mixed Platforms
		Debug|Release = Debug|Release
		Debug|Win32 = Debug|Win32
		Debug|x64 = Debug|x64
		Debug|x86 = Debug|x86
		Release|Any CPU = Release|Any CPU
		Release|Debug = Release|Debug
		Release|Mixed Platforms = Release|Mixed Platforms
		Release|Release = Release|Release
		Release|Win32 = Release|Win32
		Release|x64 = Release|x64
		Release|x86 = Release|x86
	EndGlobalSection
	GlobalSection(ProjectConfigurationPlatforms) = postSolution
		{AA8476BD-DC24-418E-8540-130030806F7F}.Debug|Any CPU.ActiveCfg = Debug|x86
		{AA8476BD-DC24-418E-8540-130030806F7F}.Debug|Debug.ActiveCfg = Debug|x86
		{AA8476BD-DC24-418E-8540-130030806F7F}.Debug|Mixed Platforms.ActiveCfg = Debug|x86
		{AA8476BD-DC24-418E-8540-130030806F7F}.Debug|Mixed Platforms.Build.0 = Debug|x86
		{AA8476BD-DC24-418E-8540-130030806F7F}.Debug|Release.ActiveCfg = Release|x86
		{AA8476BD-DC24-418E-8540-130030806F7F}.Debug|Win32.ActiveCfg = Debug|x86
		{AA8476BD-DC24-418E-8540-130030806F7F}.Debug|x64.ActiveCfg = Debug|x86
		{AA8476BD-DC24-418E-8540-130030806F7F}.Debug|x86.ActiveCfg = Debug|x86
		{AA8476BD-DC24-418E-8540-130030806F7F}.Debug|x86.Build.0 = Debug|x86
		{AA8476BD-DC24-418E-8540-130030806F7F}.Release|Any CPU.ActiveCfg = Release|x86
		{AA8476BD-DC24-418E-8540-130030806F7F}.Release|Debug.ActiveCfg = Release|x86
		{AA8476BD-DC24-418E-8540-130030806F7F}.Release|Mixed Platforms.ActiveCfg = Release|x86
		{AA8476BD-DC24-418E-8540-130030806F7F}.Release|Mixed Platforms.Build.0 = Release|x86
		{AA8476BD-DC24-418E-8540-130030806F7F}.Release|Release.ActiveCfg = Release|x86
		{AA8476BD-DC24-418E-8540-130030806F7F}.Release|Win32.ActiveCfg = Release|x86
		{AA8476BD-DC24-418E-8540-130030806F7F}.Release|x64.ActiveCfg = Release|x86
		{AA8476BD-DC24-418E-8540-130030806F7F}.Release|x86.ActiveCfg = Release|x86
		{AA8476BD-DC24-418E-8540-130030806F7F}.Release|x86.Build.0 = Release|x86
		{C75532C4-765B-418E-B09B-46D36B2ABDB1}.Debug|Any CPU.ActiveCfg = Debug|Any CPU
		{C75532C4-765B-418E-B09B-46D36B2ABDB1}.Debug|Any CPU.Build.0 = Debug|Any CPU
		{C75532C4-765B-418E-B09B-46D36B2ABDB1}.Debug|Debug.ActiveCfg = Debug|Any CPU
		{C75532C4-765B-418E-B09B-46D36B2ABDB1}.Debug|Mixed Platforms.ActiveCfg = Debug|Any CPU
		{C75532C4-765B-418E-B09B-46D36B2ABDB1}.Debug|Mixed Platforms.Build.0 = Debug|Any CPU
		{C75532C4-765B-418E-B09B-46D36B2ABDB1}.Debug|Release.ActiveCfg = Release|Any CPU
		{C75532C4-765B-418E-B09B-46D36B2ABDB1}.Debug|Win32.ActiveCfg = Debug|Any CPU
		{C75532C4-765B-418E-B09B-46D36B2ABDB1}.Debug|x64.ActiveCfg = Debug|Any CPU
		{C75532C4-765B-418E-B09B-46D36B2ABDB1}.Debug|x86.ActiveCfg = Debug|Any CPU
		{C75532C4-765B-418E-B09B-46D36B2ABDB1}.Release|Any CPU.ActiveCfg = Release|Any CPU
		{C75532C4-765B-418E-B09B-46D36B2ABDB1}.Release|Any CPU.Build.0 = Release|Any CPU
		{C75532C4-765B-418E-B09B-46D36B2ABDB1}.Release|Debug.ActiveCfg = Release|Any CPU
		{C75532C4-765B-418E-B09B-46D36B2ABDB1}.Release|Mixed Platforms.ActiveCfg = Release|Any CPU
		{C75532C4-765B-418E-B09B-46D36B2ABDB1}.Release|Mixed Platforms.Build.0 = Release|Any CPU
		{C75532C4-765B-418E-B09B-46D36B2ABDB1}.Release|Release.ActiveCfg = Release|Any CPU
		{C75532C4-765B-418E-B09B-46D36B2ABDB1}.Release|Win32.ActiveCfg = Release|Any CPU
		{C75532C4-765B-418E-B09B-46D36B2ABDB1}.Release|x64.ActiveCfg = Release|Any CPU
		{C75532C4-765B-418E-B09B-46D36B2ABDB1}.Release|x86.ActiveCfg = Release|Any CPU
		{A9E28A47-72BD-4DD4-AED2-C9355EC03F3A}.Debug|Any CPU.ActiveCfg = Debug|Any CPU
		{A9E28A47-72BD-4DD4-AED2-C9355EC03F3A}.Debug|Any CPU.Build.0 = Debug|Any CPU
		{A9E28A47-72BD-4DD4-AED2-C9355EC03F3A}.Debug|Debug.ActiveCfg = Debug|Any CPU
		{A9E28A47-72BD-4DD4-AED2-C9355EC03F3A}.Debug|Mixed Platforms.ActiveCfg = Debug|Any CPU
		{A9E28A47-72BD-4DD4-AED2-C9355EC03F3A}.Debug|Mixed Platforms.Build.0 = Debug|Any CPU
		{A9E28A47-72BD-4DD4-AED2-C9355EC03F3A}.Debug|Release.ActiveCfg = Release|Any CPU
		{A9E28A47-72BD-4DD4-AED2-C9355EC03F3A}.Debug|Win32.ActiveCfg = Debug|Any CPU
		{A9E28A47-72BD-4DD4-AED2-C9355EC03F3A}.Debug|x64.ActiveCfg = Debug|Any CPU
		{A9E28A47-72BD-4DD4-AED2-C9355EC03F3A}.Debug|x86.ActiveCfg = Debug|Any CPU
		{A9E28A47-72BD-4DD4-AED2-C9355EC03F3A}.Release|Any CPU.ActiveCfg = Release|Any CPU
		{A9E28A47-72BD-4DD4-AED2-C9355EC03F3A}.Release|Any CPU.Build.0 = Release|Any CPU
		{A9E28A47-72BD-4DD4-AED2-C9355EC03F3A}.Release|Debug.ActiveCfg = Release|Any CPU
		{A9E28A47-72BD-4DD4-AED2-C9355EC03F3A}.Release|Mixed Platforms.ActiveCfg = Release|Any CPU
		{A9E28A47-72BD-4DD4-AED2-C9355EC03F3A}.Release|Mixed Platforms.Build.0 = Release|Any CPU
		{A9E28A47-72BD-4DD4-AED2-C9355EC03F3A}.Release|Release.ActiveCfg = Release|Any CPU
		{A9E28A47-72BD-4DD4-AED2-C9355EC03F3A}.Release|Win32.ActiveCfg = Release|Any CPU
		{A9E28A47-72BD-4DD4-AED2-C9355EC03F3A}.Release|x64.ActiveCfg = Release|Any CPU
		{A9E28A47-72BD-4DD4-AED2-C9355EC03F3A}.Release|x86.ActiveCfg = Release|Any CPU
		{19EF75B2-B414-4EB0-9486-160FAF93E62C}.Debug|Any CPU.ActiveCfg = Debug|Any CPU
		{19EF75B2-B414-4EB0-9486-160FAF93E62C}.Debug|Any CPU.Build.0 = Debug|Any CPU
		{19EF75B2-B414-4EB0-9486-160FAF93E62C}.Debug|Debug.ActiveCfg = Debug|Any CPU
		{19EF75B2-B414-4EB0-9486-160FAF93E62C}.Debug|Mixed Platforms.ActiveCfg = Debug|Any CPU
		{19EF75B2-B414-4EB0-9486-160FAF93E62C}.Debug|Mixed Platforms.Build.0 = Debug|Any CPU
		{19EF75B2-B414-4EB0-9486-160FAF93E62C}.Debug|Release.ActiveCfg = Release|Any CPU
		{19EF75B2-B414-4EB0-9486-160FAF93E62C}.Debug|Win32.ActiveCfg = Debug|Any CPU
		{19EF75B2-B414-4EB0-9486-160FAF93E62C}.Debug|x64.ActiveCfg = Debug|Any CPU
		{19EF75B2-B414-4EB0-9486-160FAF93E62C}.Debug|x86.ActiveCfg = Debug|Any CPU
		{19EF75B2-B414-4EB0-9486-160FAF93E62C}.Release|Any CPU.ActiveCfg = Release|Any CPU
		{19EF75B2-B414-4EB0-9486-160FAF93E62C}.Release|Any CPU.Build.0 = Release|Any CPU
		{19EF75B2-B414-4EB0-9486-160FAF93E62C}.Release|Debug.ActiveCfg = Release|Any CPU
		{19EF75B2-B414-4EB0-9486-160FAF93E62C}.Release|Mixed Platforms.ActiveCfg = Release|Any CPU
		{19EF75B2-B414-4EB0-9486-160FAF93E62C}.Release|Mixed Platforms.Build.0 = Release|Any CPU
		{19EF75B2-B414-4EB0-9486-160FAF93E62C}.Release|Release.ActiveCfg = Release|Any CPU
		{19EF75B2-B414-4EB0-9486-160FAF93E62C}.Release|Win32.ActiveCfg = Release|Any CPU
		{19EF75B2-B414-4EB0-9486-160FAF93E62C}.Release|x64.ActiveCfg = Release|Any CPU
		{19EF75B2-B414-4EB0-9486-160FAF93E62C}.Release|x86.ActiveCfg = Release|Any CPU
		{E362E2A5-F9CF-4691-A3FC-E68B2C532B18}.Debug|Any CPU.ActiveCfg = Debug|Any CPU
		{E362E2A5-F9CF-4691-A3FC-E68B2C532B18}.Debug|Any CPU.Build.0 = Debug|Any CPU
		{E362E2A5-F9CF-4691-A3FC-E68B2C532B18}.Debug|Debug.ActiveCfg = Debug|Any CPU
		{E362E2A5-F9CF-4691-A3FC-E68B2C532B18}.Debug|Mixed Platforms.ActiveCfg = Debug|Any CPU
		{E362E2A5-F9CF-4691-A3FC-E68B2C532B18}.Debug|Mixed Platforms.Build.0 = Debug|Any CPU
		{E362E2A5-F9CF-4691-A3FC-E68B2C532B18}.Debug|Release.ActiveCfg = Release|Any CPU
		{E362E2A5-F9CF-4691-A3FC-E68B2C532B18}.Debug|Win32.ActiveCfg = Debug|Any CPU
		{E362E2A5-F9CF-4691-A3FC-E68B2C532B18}.Debug|x64.ActiveCfg = Debug|Any CPU
		{E362E2A5-F9CF-4691-A3FC-E68B2C532B18}.Debug|x86.ActiveCfg = Debug|Any CPU
		{E362E2A5-F9CF-4691-A3FC-E68B2C532B18}.Release|Any CPU.ActiveCfg = Release|Any CPU
		{E362E2A5-F9CF-4691-A3FC-E68B2C532B18}.Release|Any CPU.Build.0 = Release|Any CPU
		{E362E2A5-F9CF-4691-A3FC-E68B2C532B18}.Release|Debug.ActiveCfg = Release|Any CPU
		{E362E2A5-F9CF-4691-A3FC-E68B2C532B18}.Release|Mixed Platforms.ActiveCfg = Release|Any CPU
		{E362E2A5-F9CF-4691-A3FC-E68B2C532B18}.Release|Mixed Platforms.Build.0 = Release|Any CPU
		{E362E2A5-F9CF-4691-A3FC-E68B2C532B18}.Release|Release.ActiveCfg = Release|Any CPU
		{E362E2A5-F9CF-4691-A3FC-E68B2C532B18}.Release|Win32.ActiveCfg = Release|Any CPU
		{E362E2A5-F9CF-4691-A3FC-E68B2C532B18}.Release|x64.ActiveCfg = Release|Any CPU
		{E362E2A5-F9CF-4691-A3FC-E68B2C532B18}.Release|x86.ActiveCfg = Release|Any CPU
		{6BADBAAA-B3E2-4C9F-8927-2358C85DD9FE}.Debug|Any CPU.ActiveCfg = Debug|x86
		{6BADBAAA-B3E2-4C9F-8927-2358C85DD9FE}.Debug|Debug.ActiveCfg = Debug|x86
		{6BADBAAA-B3E2-4C9F-8927-2358C85DD9FE}.Debug|Mixed Platforms.ActiveCfg = Debug|x86
		{6BADBAAA-B3E2-4C9F-8927-2358C85DD9FE}.Debug|Mixed Platforms.Build.0 = Debug|x86
		{6BADBAAA-B3E2-4C9F-8927-2358C85DD9FE}.Debug|Release.ActiveCfg = Release|x86
		{6BADBAAA-B3E2-4C9F-8927-2358C85DD9FE}.Debug|Win32.ActiveCfg = Debug|x86
		{6BADBAAA-B3E2-4C9F-8927-2358C85DD9FE}.Debug|x64.ActiveCfg = Debug|x86
		{6BADBAAA-B3E2-4C9F-8927-2358C85DD9FE}.Debug|x86.ActiveCfg = Debug|x86
		{6BADBAAA-B3E2-4C9F-8927-2358C85DD9FE}.Debug|x86.Build.0 = Debug|x86
		{6BADBAAA-B3E2-4C9F-8927-2358C85DD9FE}.Release|Any CPU.ActiveCfg = Release|x86
		{6BADBAAA-B3E2-4C9F-8927-2358C85DD9FE}.Release|Debug.ActiveCfg = Release|x86
		{6BADBAAA-B3E2-4C9F-8927-2358C85DD9FE}.Release|Mixed Platforms.ActiveCfg = Release|x86
		{6BADBAAA-B3E2-4C9F-8927-2358C85DD9FE}.Release|Mixed Platforms.Build.0 = Release|x86
		{6BADBAAA-B3E2-4C9F-8927-2358C85DD9FE}.Release|Release.ActiveCfg = Release|x86
		{6BADBAAA-B3E2-4C9F-8927-2358C85DD9FE}.Release|Win32.ActiveCfg = Release|x86
		{6BADBAAA-B3E2-4C9F-8927-2358C85DD9FE}.Release|x64.ActiveCfg = Release|x86
		{6BADBAAA-B3E2-4C9F-8927-2358C85DD9FE}.Release|x86.ActiveCfg = Release|x86
		{6BADBAAA-B3E2-4C9F-8927-2358C85DD9FE}.Release|x86.Build.0 = Release|x86
		{B3373EFE-70E2-4D86-A97C-28BF629DE7DF}.Debug|Any CPU.Build.0 = Debug|x86
		{B3373EFE-70E2-4D86-A97C-28BF629DE7DF}.Debug|Any CPU.ActiveCfg = Debug|x86
		{B3373EFE-70E2-4D86-A97C-28BF629DE7DF}.Debug|Debug.Build.0 = Debug|x86
		{B3373EFE-70E2-4D86-A97C-28BF629DE7DF}.Debug|Debug.ActiveCfg = Debug|x86
		{B3373EFE-70E2-4D86-A97C-28BF629DE7DF}.Debug|Mixed Platforms.Build.0 = Debug|x86
		{B3373EFE-70E2-4D86-A97C-28BF629DE7DF}.Debug|Mixed Platforms.ActiveCfg = Debug|x86
		{B3373EFE-70E2-4D86-A97C-28BF629DE7DF}.Debug|Release.Build.0 = Debug|x86
		{B3373EFE-70E2-4D86-A97C-28BF629DE7DF}.Debug|Release.ActiveCfg = Debug|x86
		{B3373EFE-70E2-4D86-A97C-28BF629DE7DF}.Debug|Win32.Build.0 = Debug|x86
		{B3373EFE-70E2-4D86-A97C-28BF629DE7DF}.Debug|Win32.ActiveCfg = Debug|x86
		{B3373EFE-70E2-4D86-A97C-28BF629DE7DF}.Debug|x64.Build.0 = Debug|x86
		{B3373EFE-70E2-4D86-A97C-28BF629DE7DF}.Debug|x64.ActiveCfg = Debug|x86
		{B3373EFE-70E2-4D86-A97C-28BF629DE7DF}.Debug|x86.Build.0 = Debug|x86
		{B3373EFE-70E2-4D86-A97C-28BF629DE7DF}.Debug|x86.ActiveCfg = Debug|x86
		{B3373EFE-70E2-4D86-A97C-28BF629DE7DF}.Release|Any CPU.Build.0 = Release|x86
		{B3373EFE-70E2-4D86-A97C-28BF629DE7DF}.Release|Any CPU.ActiveCfg = Release|x86
		{B3373EFE-70E2-4D86-A97C-28BF629DE7DF}.Release|Debug.Build.0 = Release|x86
		{B3373EFE-70E2-4D86-A97C-28BF629DE7DF}.Release|Debug.ActiveCfg = Release|x86
		{B3373EFE-70E2-4D86-A97C-28BF629DE7DF}.Release|Mixed Platforms.Build.0 = Release|x86
		{B3373EFE-70E2-4D86-A97C-28BF629DE7DF}.Release|Mixed Platforms.ActiveCfg = Release|x86
		{B3373EFE-70E2-4D86-A97C-28BF629DE7DF}.Release|Release.Build.0 = Release|x86
		{B3373EFE-70E2-4D86-A97C-28BF629DE7DF}.Release|Release.ActiveCfg = Release|x86
		{B3373EFE-70E2-4D86-A97C-28BF629DE7DF}.Release|Win32.Build.0 = Release|x86
		{B3373EFE-70E2-4D86-A97C-28BF629DE7DF}.Release|Win32.ActiveCfg = Release|x86
		{B3373EFE-70E2-4D86-A97C-28BF629DE7DF}.Release|x64.Build.0 = Release|x86
		{B3373EFE-70E2-4D86-A97C-28BF629DE7DF}.Release|x64.ActiveCfg = Release|x86
		{B3373EFE-70E2-4D86-A97C-28BF629DE7DF}.Release|x86.Build.0 = Release|x86
		{B3373EFE-70E2-4D86-A97C-28BF629DE7DF}.Release|x86.ActiveCfg = Release|x86
		{555B1E7D-E629-48A7-87A4-0AFBB69290FC}.Debug|Any CPU.Build.0 = Debug|x86
		{555B1E7D-E629-48A7-87A4-0AFBB69290FC}.Debug|Any CPU.ActiveCfg = Debug|x86
		{555B1E7D-E629-48A7-87A4-0AFBB69290FC}.Debug|Debug.Build.0 = Debug|x86
		{555B1E7D-E629-48A7-87A4-0AFBB69290FC}.Debug|Debug.ActiveCfg = Debug|x86
		{555B1E7D-E629-48A7-87A4-0AFBB69290FC}.Debug|Mixed Platforms.Build.0 = Debug|x86
		{555B1E7D-E629-48A7-87A4-0AFBB69290FC}.Debug|Mixed Platforms.ActiveCfg = Debug|x86
		{555B1E7D-E629-48A7-87A4-0AFBB69290FC}.Debug|Release.Build.0 = Debug|x86
		{555B1E7D-E629-48A7-87A4-0AFBB69290FC}.Debug|Release.ActiveCfg = Debug|x86
		{555B1E7D-E629-48A7-87A4-0AFBB69290FC}.Debug|Win32.Build.0 = Debug|x86
		{555B1E7D-E629-48A7-87A4-0AFBB69290FC}.Debug|Win32.ActiveCfg = Debug|x86
		{555B1E7D-E629-48A7-87A4-0AFBB69290FC}.Debug|x64.Build.0 = Debug|x86
		{555B1E7D-E629-48A7-87A4-0AFBB69290FC}.Debug|x64.ActiveCfg = Debug|x86
		{555B1E7D-E629-48A7-87A4-0AFBB69290FC}.Debug|x86.Build.0 = Debug|x86
		{555B1E7D-E629-48A7-87A4-0AFBB69290FC}.Debug|x86.ActiveCfg = Debug|x86
		{555B1E7D-E629-48A7-87A4-0AFBB69290FC}.Release|Any CPU.Build.0 = Release|x86
		{555B1E7D-E629-48A7-87A4-0AFBB69290FC}.Release|Any CPU.ActiveCfg = Release|x86
		{555B1E7D-E629-48A7-87A4-0AFBB69290FC}.Release|Debug.Build.0 = Release|x86
		{555B1E7D-E629-48A7-87A4-0AFBB69290FC}.Release|Debug.ActiveCfg = Release|x86
		{555B1E7D-E629-48A7-87A4-0AFBB69290FC}.Release|Mixed Platforms.Build.0 = Release|x86
		{555B1E7D-E629-48A7-87A4-0AFBB69290FC}.Release|Mixed Platforms.ActiveCfg = Release|x86
		{555B1E7D-E629-48A7-87A4-0AFBB69290FC}.Release|Release.Build.0 = Release|x86
		{555B1E7D-E629-48A7-87A4-0AFBB69290FC}.Release|Release.ActiveCfg = Release|x86
		{555B1E7D-E629-48A7-87A4-0AFBB69290FC}.Release|Win32.Build.0 = Release|x86
		{555B1E7D-E629-48A7-87A4-0AFBB69290FC}.Release|Win32.ActiveCfg = Release|x86
		{555B1E7D-E629-48A7-87A4-0AFBB69290FC}.Release|x64.Build.0 = Release|x86
		{555B1E7D-E629-48A7-87A4-0AFBB69290FC}.Release|x64.ActiveCfg = Release|x86
		{555B1E7D-E629-48A7-87A4-0AFBB69290FC}.Release|x86.Build.0 = Release|x86
		{555B1E7D-E629-48A7-87A4-0AFBB69290FC}.Release|x86.ActiveCfg = Release|x86
	EndGlobalSection
	GlobalSection(SolutionProperties) = preSolution
		HideSolutionNode = FALSE
	EndGlobalSection
	GlobalSection(NestedProjects) = preSolution
		{AA8476BD-DC24-418E-8540-130030806F7F} = {B951BA46-2462-42A5-A1AF-D0A7C4AA2B53}
		{C75532C4-765B-418E-B09B-46D36B2ABDB1} = {CE68B0A7-630D-485E-97CC-D2D1DC3B0103}
		{D23813E0-18FB-41C9-AB25-EE6A95FCA9E5} = {66AA764F-39F5-45AB-89B3-59DE155BC7D8}
		{A9E28A47-72BD-4DD4-AED2-C9355EC03F3A} = {66AA764F-39F5-45AB-89B3-59DE155BC7D8}
		{E362E2A5-F9CF-4691-A3FC-E68B2C532B18} = {D23813E0-18FB-41C9-AB25-EE6A95FCA9E5}
		{19EF75B2-B414-4EB0-9486-160FAF93E62C} = {D23813E0-18FB-41C9-AB25-EE6A95FCA9E5}
	EndGlobalSection
EndGlobal
